// !$*UTF8*$!
{
	archiveVersion = 1;
	classes = {
	};
	objectVersion = 77;
	objects = {

/* Begin PBXBuildFile section */
		3A94BBED2DAA0C1F00EF3FCD /* ArkanApp.swift in Sources */ = {isa = PBXBuildFile; fileRef = 3A94BBE92DAA0C1F00EF3FCD /* ArkanApp.swift */; };
		3A94BBEE2DAA0C1F00EF3FCD /* ContentView.swift in Sources */ = {isa = PBXBuildFile; fileRef = 3A94BBEB2DAA0C1F00EF3FCD /* ContentView.swift */; };
		3A94BBEF2DAA0C1F00EF3FCD /* Assets.xcassets in Resources */ = {isa = PBXBuildFile; fileRef = 3A94BBEA2DAA0C1F00EF3FCD /* Assets.xcassets */; };
		3A94BBF32DAA0C3900EF3FCD /* PlainIconButton.swift in Sources */ = {isa = PBXBuildFile; fileRef = 3A94BBF22DAA0C3900EF3FCD /* PlainIconButton.swift */; };
		3A94BBF92DAA0D5D00EF3FCD /* OnboardingView.swift in Sources */ = {isa = PBXBuildFile; fileRef = 3A94BBF82DAA0D5D00EF3FCD /* OnboardingView.swift */; };
		3A94BBFB2DAA0DA800EF3FCD /* NetworkManager.swift in Sources */ = {isa = PBXBuildFile; fileRef = 3A94BBFA2DAA0DA800EF3FCD /* NetworkManager.swift */; };
		3A94BBFE2DAA1EBA00EF3FCD /* GregorianYearPrayerTimesAPIResponse.swift in Sources */ = {isa = PBXBuildFile; fileRef = 3A94BBFD2DAA1EBA00EF3FCD /* GregorianYearPrayerTimesAPIResponse.swift */; };
		3A94BC022DAA2BD900EF3FCD /* PrayerDay.swift in Sources */ = {isa = PBXBuildFile; fileRef = 3A94BC012DAA2BD900EF3FCD /* PrayerDay.swift */; };
		3A94BC042DAA2BF200EF3FCD /* Timings.swift in Sources */ = {isa = PBXBuildFile; fileRef = 3A94BC032DAA2BF200EF3FCD /* Timings.swift */; };
		3A94BC062DAA2BFF00EF3FCD /* DateInfo.swift in Sources */ = {isa = PBXBuildFile; fileRef = 3A94BC052DAA2BFF00EF3FCD /* DateInfo.swift */; };
		3A94BC082DAA2C0A00EF3FCD /* GregorianDate.swift in Sources */ = {isa = PBXBuildFile; fileRef = 3A94BC072DAA2C0A00EF3FCD /* GregorianDate.swift */; };
		3A94BC0A2DAA2C1600EF3FCD /* HijriDate.swift in Sources */ = {isa = PBXBuildFile; fileRef = 3A94BC092DAA2C1600EF3FCD /* HijriDate.swift */; };
		3A94BC0C2DAA2C2200EF3FCD /* HijriWeekday.swift in Sources */ = {isa = PBXBuildFile; fileRef = 3A94BC0B2DAA2C2200EF3FCD /* HijriWeekday.swift */; };
		3A94BC0E2DAA2C3000EF3FCD /* HijriMonth.swift in Sources */ = {isa = PBXBuildFile; fileRef = 3A94BC0D2DAA2C3000EF3FCD /* HijriMonth.swift */; };
		3A94BC112DAA2D2900EF3FCD /* MainHeaderView.swift in Sources */ = {isa = PBXBuildFile; fileRef = 3A94BC102DAA2D2900EF3FCD /* MainHeaderView.swift */; };
		3A94BC142DAA3CA800EF3FCD /* PrayerTimeCell.swift in Sources */ = {isa = PBXBuildFile; fileRef = 3A94BC132DAA3CA800EF3FCD /* PrayerTimeCell.swift */; };
		3A94BC162DAA3E8200EF3FCD /* MetaData.swift in Sources */ = {isa = PBXBuildFile; fileRef = 3A94BC152DAA3E8200EF3FCD /* MetaData.swift */; };
		3A94BC182DAA3E9400EF3FCD /* MetaDataMethod.swift in Sources */ = {isa = PBXBuildFile; fileRef = 3A94BC172DAA3E9400EF3FCD /* MetaDataMethod.swift */; };
		3A94BC1A2DAA3F2900EF3FCD /* MenuButton.swift in Sources */ = {isa = PBXBuildFile; fileRef = 3A94BC192DAA3F2900EF3FCD /* MenuButton.swift */; };
		3A94BC1C2DAA440E00EF3FCD /* SettingsView.swift in Sources */ = {isa = PBXBuildFile; fileRef = 3A94BC1B2DAA440E00EF3FCD /* SettingsView.swift */; };
		3A94BC1F2DAA446D00EF3FCD /* MailComposeView.swift in Sources */ = {isa = PBXBuildFile; fileRef = 3A94BC1E2DAA446D00EF3FCD /* MailComposeView.swift */; };
/* End PBXBuildFile section */

/* Begin PBXFileReference section */
		3A94BBDB2DAA096600EF3FCD /* Arkan.app */ = {isa = PBXFileReference; explicitFileType = wrapper.application; includeInIndex = 0; path = Arkan.app; sourceTree = BUILT_PRODUCTS_DIR; };
		3A94BBE92DAA0C1F00EF3FCD /* ArkanApp.swift */ = {isa = PBXFileReference; lastKnownFileType = sourcecode.swift; path = ArkanApp.swift; sourceTree = "<group>"; };
		3A94BBEA2DAA0C1F00EF3FCD /* Assets.xcassets */ = {isa = PBXFileReference; lastKnownFileType = folder.assetcatalog; path = Assets.xcassets; sourceTree = "<group>"; };
		3A94BBEB2DAA0C1F00EF3FCD /* ContentView.swift */ = {isa = PBXFileReference; lastKnownFileType = sourcecode.swift; path = ContentView.swift; sourceTree = "<group>"; };
		3A94BBF22DAA0C3900EF3FCD /* PlainIconButton.swift */ = {isa = PBXFileReference; lastKnownFileType = sourcecode.swift; path = PlainIconButton.swift; sourceTree = "<group>"; };
		3A94BBF82DAA0D5D00EF3FCD /* OnboardingView.swift */ = {isa = PBXFileReference; lastKnownFileType = sourcecode.swift; path = OnboardingView.swift; sourceTree = "<group>"; };
		3A94BBFA2DAA0DA800EF3FCD /* NetworkManager.swift */ = {isa = PBXFileReference; lastKnownFileType = sourcecode.swift; path = NetworkManager.swift; sourceTree = "<group>"; };
		3A94BBFD2DAA1EBA00EF3FCD /* GregorianYearPrayerTimesAPIResponse.swift */ = {isa = PBXFileReference; lastKnownFileType = sourcecode.swift; path = GregorianYearPrayerTimesAPIResponse.swift; sourceTree = "<group>"; };
		3A94BC012DAA2BD900EF3FCD /* PrayerDay.swift */ = {isa = PBXFileReference; lastKnownFileType = sourcecode.swift; path = PrayerDay.swift; sourceTree = "<group>"; };
		3A94BC032DAA2BF200EF3FCD /* Timings.swift */ = {isa = PBXFileReference; lastKnownFileType = sourcecode.swift; path = Timings.swift; sourceTree = "<group>"; };
		3A94BC052DAA2BFF00EF3FCD /* DateInfo.swift */ = {isa = PBXFileReference; lastKnownFileType = sourcecode.swift; path = DateInfo.swift; sourceTree = "<group>"; };
		3A94BC072DAA2C0A00EF3FCD /* GregorianDate.swift */ = {isa = PBXFileReference; lastKnownFileType = sourcecode.swift; path = GregorianDate.swift; sourceTree = "<group>"; };
		3A94BC092DAA2C1600EF3FCD /* HijriDate.swift */ = {isa = PBXFileReference; lastKnownFileType = sourcecode.swift; path = HijriDate.swift; sourceTree = "<group>"; };
		3A94BC0B2DAA2C2200EF3FCD /* HijriWeekday.swift */ = {isa = PBXFileReference; lastKnownFileType = sourcecode.swift; path = HijriWeekday.swift; sourceTree = "<group>"; };
		3A94BC0D2DAA2C3000EF3FCD /* HijriMonth.swift */ = {isa = PBXFileReference; lastKnownFileType = sourcecode.swift; path = HijriMonth.swift; sourceTree = "<group>"; };
		3A94BC102DAA2D2900EF3FCD /* MainHeaderView.swift */ = {isa = PBXFileReference; lastKnownFileType = sourcecode.swift; path = MainHeaderView.swift; sourceTree = "<group>"; };
		3A94BC132DAA3CA800EF3FCD /* PrayerTimeCell.swift */ = {isa = PBXFileReference; lastKnownFileType = sourcecode.swift; path = PrayerTimeCell.swift; sourceTree = "<group>"; };
		3A94BC152DAA3E8200EF3FCD /* MetaData.swift */ = {isa = PBXFileReference; lastKnownFileType = sourcecode.swift; path = MetaData.swift; sourceTree = "<group>"; };
		3A94BC172DAA3E9400EF3FCD /* MetaDataMethod.swift */ = {isa = PBXFileReference; lastKnownFileType = sourcecode.swift; path = MetaDataMethod.swift; sourceTree = "<group>"; };
		3A94BC192DAA3F2900EF3FCD /* MenuButton.swift */ = {isa = PBXFileReference; lastKnownFileType = sourcecode.swift; path = MenuButton.swift; sourceTree = "<group>"; };
		3A94BC1B2DAA440E00EF3FCD /* SettingsView.swift */ = {isa = PBXFileReference; lastKnownFileType = sourcecode.swift; path = SettingsView.swift; sourceTree = "<group>"; };
		3A94BC1E2DAA446D00EF3FCD /* MailComposeView.swift */ = {isa = PBXFileReference; lastKnownFileType = sourcecode.swift; path = MailComposeView.swift; sourceTree = "<group>"; };
/* End PBXFileReference section */

/* Begin PBXFrameworksBuildPhase section */
		3A94BBD82DAA096600EF3FCD /* Frameworks */ = {
			isa = PBXFrameworksBuildPhase;
			buildActionMask = 2147483647;
			files = (
			);
			runOnlyForDeploymentPostprocessing = 0;
		};
/* End PBXFrameworksBuildPhase section */

/* Begin PBXGroup section */
		3A94BBD22DAA096600EF3FCD = {
			isa = PBXGroup;
			children = (
				3A94BBEC2DAA0C1F00EF3FCD /* Arkan */,
				3A94BBDC2DAA096600EF3FCD /* Products */,
			);
			sourceTree = "<group>";
		};
		3A94BBDC2DAA096600EF3FCD /* Products */ = {
			isa = PBXGroup;
			children = (
				3A94BBDB2DAA096600EF3FCD /* Arkan.app */,
			);
			name = Products;
			sourceTree = "<group>";
		};
		3A94BBEC2DAA0C1F00EF3FCD /* Arkan */ = {
			isa = PBXGroup;
			children = (
				3A94BBF72DAA0CF200EF3FCD /* App */,
				3A94BBF62DAA0CED00EF3FCD /* Screens */,
				3A94BBF02DAA0C2800EF3FCD /* Views */,
				3A94BBFC2DAA1E9E00EF3FCD /* Model */,
				3A94BBF52DAA0CE000EF3FCD /* Managers */,
				3A94BBF42DAA0CD800EF3FCD /* Media */,
			);
			path = Arkan;
			sourceTree = "<group>";
		};
		3A94BBF02DAA0C2800EF3FCD /* Views */ = {
			isa = PBXGroup;
			children = (
				3A94BC1D2DAA446600EF3FCD /* Representables */,
				3A94BC0F2DAA2D1B00EF3FCD /* Others */,
				3A94BC122DAA3C9F00EF3FCD /* Cells */,
				3A94BBF12DAA0C3100EF3FCD /* Buttons */,
			);
			path = Views;
			sourceTree = "<group>";
		};
		3A94BBF12DAA0C3100EF3FCD /* Buttons */ = {
			isa = PBXGroup;
			children = (
				3A94BBF22DAA0C3900EF3FCD /* PlainIconButton.swift */,
				3A94BC192DAA3F2900EF3FCD /* MenuButton.swift */,
			);
			path = Buttons;
			sourceTree = "<group>";
		};
		3A94BBF42DAA0CD800EF3FCD /* Media */ = {
			isa = PBXGroup;
			children = (
				3A94BBEA2DAA0C1F00EF3FCD /* Assets.xcassets */,
			);
			path = Media;
			sourceTree = "<group>";
		};
		3A94BBF52DAA0CE000EF3FCD /* Managers */ = {
			isa = PBXGroup;
			children = (
				3A94BBFA2DAA0DA800EF3FCD /* NetworkManager.swift */,
			);
			path = Managers;
			sourceTree = "<group>";
		};
		3A94BBF62DAA0CED00EF3FCD /* Screens */ = {
			isa = PBXGroup;
			children = (
				3A94BBEB2DAA0C1F00EF3FCD /* ContentView.swift */,
				3A94BBF82DAA0D5D00EF3FCD /* OnboardingView.swift */,
				3A94BC1B2DAA440E00EF3FCD /* SettingsView.swift */,
			);
			path = Screens;
			sourceTree = "<group>";
		};
		3A94BBF72DAA0CF200EF3FCD /* App */ = {
			isa = PBXGroup;
			children = (
				3A94BBE92DAA0C1F00EF3FCD /* ArkanApp.swift */,
			);
			path = App;
			sourceTree = "<group>";
		};
		3A94BBFC2DAA1E9E00EF3FCD /* Model */ = {
			isa = PBXGroup;
			children = (
				3A94BBFF2DAA2BA700EF3FCD /* SwiftData */,
				3A94BC002DAA2BB800EF3FCD /* Decodables */,
			);
			path = Model;
			sourceTree = "<group>";
		};
		3A94BBFF2DAA2BA700EF3FCD /* SwiftData */ = {
			isa = PBXGroup;
			children = (
			);
			path = SwiftData;
			sourceTree = "<group>";
		};
		3A94BC002DAA2BB800EF3FCD /* Decodables */ = {
			isa = PBXGroup;
			children = (
				3A94BBFD2DAA1EBA00EF3FCD /* GregorianYearPrayerTimesAPIResponse.swift */,
				3A94BC012DAA2BD900EF3FCD /* PrayerDay.swift */,
				3A94BC032DAA2BF200EF3FCD /* Timings.swift */,
				3A94BC052DAA2BFF00EF3FCD /* DateInfo.swift */,
				3A94BC072DAA2C0A00EF3FCD /* GregorianDate.swift */,
				3A94BC092DAA2C1600EF3FCD /* HijriDate.swift */,
				3A94BC0B2DAA2C2200EF3FCD /* HijriWeekday.swift */,
				3A94BC0D2DAA2C3000EF3FCD /* HijriMonth.swift */,
				3A94BC152DAA3E8200EF3FCD /* MetaData.swift */,
				3A94BC172DAA3E9400EF3FCD /* MetaDataMethod.swift */,
			);
			path = Decodables;
			sourceTree = "<group>";
		};
		3A94BC0F2DAA2D1B00EF3FCD /* Others */ = {
			isa = PBXGroup;
			children = (
				3A94BC102DAA2D2900EF3FCD /* MainHeaderView.swift */,
			);
			path = Others;
			sourceTree = "<group>";
		};
		3A94BC122DAA3C9F00EF3FCD /* Cells */ = {
			isa = PBXGroup;
			children = (
				3A94BC132DAA3CA800EF3FCD /* PrayerTimeCell.swift */,
			);
			path = Cells;
			sourceTree = "<group>";
		};
		3A94BC1D2DAA446600EF3FCD /* Representables */ = {
			isa = PBXGroup;
			children = (
				3A94BC1E2DAA446D00EF3FCD /* MailComposeView.swift */,
			);
			path = Representables;
			sourceTree = "<group>";
		};
/* End PBXGroup section */

/* Begin PBXNativeTarget section */
		3A94BBDA2DAA096600EF3FCD /* Arkan */ = {
			isa = PBXNativeTarget;
			buildConfigurationList = 3A94BBE62DAA096700EF3FCD /* Build configuration list for PBXNativeTarget "Arkan" */;
			buildPhases = (
				3A94BBD72DAA096600EF3FCD /* Sources */,
				3A94BBD82DAA096600EF3FCD /* Frameworks */,
				3A94BBD92DAA096600EF3FCD /* Resources */,
			);
			buildRules = (
			);
			dependencies = (
			);
			name = Arkan;
			packageProductDependencies = (
			);
			productName = Arkan;
			productReference = 3A94BBDB2DAA096600EF3FCD /* Arkan.app */;
			productType = "com.apple.product-type.application";
		};
/* End PBXNativeTarget section */

/* Begin PBXProject section */
		3A94BBD32DAA096600EF3FCD /* Project object */ = {
			isa = PBXProject;
			attributes = {
				BuildIndependentTargetsInParallel = 1;
				LastSwiftUpdateCheck = 1630;
				LastUpgradeCheck = 1630;
				TargetAttributes = {
					3A94BBDA2DAA096600EF3FCD = {
						CreatedOnToolsVersion = 16.3;
					};
				};
			};
			buildConfigurationList = 3A94BBD62DAA096600EF3FCD /* Build configuration list for PBXProject "Arkan" */;
			developmentRegion = en;
			hasScannedForEncodings = 0;
			knownRegions = (
				en,
				Base,
			);
			mainGroup = 3A94BBD22DAA096600EF3FCD;
			minimizedProjectReferenceProxies = 1;
			preferredProjectObjectVersion = 77;
			productRefGroup = 3A94BBDC2DAA096600EF3FCD /* Products */;
			projectDirPath = "";
			projectRoot = "";
			targets = (
				3A94BBDA2DAA096600EF3FCD /* Arkan */,
			);
		};
/* End PBXProject section */

/* Begin PBXResourcesBuildPhase section */
		3A94BBD92DAA096600EF3FCD /* Resources */ = {
			isa = PBXResourcesBuildPhase;
			buildActionMask = 2147483647;
			files = (
				3A94BBEF2DAA0C1F00EF3FCD /* Assets.xcassets in Resources */,
			);
			runOnlyForDeploymentPostprocessing = 0;
		};
/* End PBXResourcesBuildPhase section */

/* Begin PBXSourcesBuildPhase section */
		3A94BBD72DAA096600EF3FCD /* Sources */ = {
			isa = PBXSourcesBuildPhase;
			buildActionMask = 2147483647;
			files = (
				3A94BC0A2DAA2C1600EF3FCD /* HijriDate.swift in Sources */,
				3A94BBED2DAA0C1F00EF3FCD /* ArkanApp.swift in Sources */,
				3A94BBFE2DAA1EBA00EF3FCD /* GregorianYearPrayerTimesAPIResponse.swift in Sources */,
				3A94BC112DAA2D2900EF3FCD /* MainHeaderView.swift in Sources */,
				3A94BC1F2DAA446D00EF3FCD /* MailComposeView.swift in Sources */,
				3A94BC082DAA2C0A00EF3FCD /* GregorianDate.swift in Sources */,
				3A94BBF92DAA0D5D00EF3FCD /* OnboardingView.swift in Sources */,
				3A94BC042DAA2BF200EF3FCD /* Timings.swift in Sources */,
				3A94BC062DAA2BFF00EF3FCD /* DateInfo.swift in Sources */,
				3A94BBFB2DAA0DA800EF3FCD /* NetworkManager.swift in Sources */,
				3A94BBF32DAA0C3900EF3FCD /* PlainIconButton.swift in Sources */,
				3A94BC162DAA3E8200EF3FCD /* MetaData.swift in Sources */,
				3A94BC142DAA3CA800EF3FCD /* PrayerTimeCell.swift in Sources */,
				3A94BC0C2DAA2C2200EF3FCD /* HijriWeekday.swift in Sources */,
				3A94BC022DAA2BD900EF3FCD /* PrayerDay.swift in Sources */,
				3A94BC1A2DAA3F2900EF3FCD /* MenuButton.swift in Sources */,
				3A94BC182DAA3E9400EF3FCD /* MetaDataMethod.swift in Sources */,
				3A94BBEE2DAA0C1F00EF3FCD /* ContentView.swift in Sources */,
				3A94BC0E2DAA2C3000EF3FCD /* HijriMonth.swift in Sources */,
				3A94BC1C2DAA440E00EF3FCD /* SettingsView.swift in Sources */,
			);
			runOnlyForDeploymentPostprocessing = 0;
		};
/* End PBXSourcesBuildPhase section */

/* Begin XCBuildConfiguration section */
		3A94BBE42DAA096600EF3FCD /* Debug */ = {
			isa = XCBuildConfiguration;
			buildSettings = {
				ALWAYS_SEARCH_USER_PATHS = NO;
				ASSETCATALOG_COMPILER_GENERATE_SWIFT_ASSET_SYMBOL_EXTENSIONS = YES;
				CLANG_ANALYZER_NONNULL = YES;
				CLANG_ANALYZER_NUMBER_OBJECT_CONVERSION = YES_AGGRESSIVE;
				CLANG_CXX_LANGUAGE_STANDARD = "gnu++20";
				CLANG_ENABLE_MODULES = YES;
				CLANG_ENABLE_OBJC_ARC = YES;
				CLANG_ENABLE_OBJC_WEAK = YES;
				CLANG_WARN_BLOCK_CAPTURE_AUTORELEASING = YES;
				CLANG_WARN_BOOL_CONVERSION = YES;
				CLANG_WARN_COMMA = YES;
				CLANG_WARN_CONSTANT_CONVERSION = YES;
				CLANG_WARN_DEPRECATED_OBJC_IMPLEMENTATIONS = YES;
				CLANG_WARN_DIRECT_OBJC_ISA_USAGE = YES_ERROR;
				CLANG_WARN_DOCUMENTATION_COMMENTS = YES;
				CLANG_WARN_EMPTY_BODY = YES;
				CLANG_WARN_ENUM_CONVERSION = YES;
				CLANG_WARN_INFINITE_RECURSION = YES;
				CLANG_WARN_INT_CONVERSION = YES;
				CLANG_WARN_NON_LITERAL_NULL_CONVERSION = YES;
				CLANG_WARN_OBJC_IMPLICIT_RETAIN_SELF = YES;
				CLANG_WARN_OBJC_LITERAL_CONVERSION = YES;
				CLANG_WARN_OBJC_ROOT_CLASS = YES_ERROR;
				CLANG_WARN_QUOTED_INCLUDE_IN_FRAMEWORK_HEADER = YES;
				CLANG_WARN_RANGE_LOOP_ANALYSIS = YES;
				CLANG_WARN_STRICT_PROTOTYPES = YES;
				CLANG_WARN_SUSPICIOUS_MOVE = YES;
				CLANG_WARN_UNGUARDED_AVAILABILITY = YES_AGGRESSIVE;
				CLANG_WARN_UNREACHABLE_CODE = YES;
				CLANG_WARN__DUPLICATE_METHOD_MATCH = YES;
				COPY_PHASE_STRIP = NO;
				DEBUG_INFORMATION_FORMAT = dwarf;
				DEVELOPMENT_TEAM = 6TNKUF97WJ;
				ENABLE_STRICT_OBJC_MSGSEND = YES;
				ENABLE_TESTABILITY = YES;
				ENABLE_USER_SCRIPT_SANDBOXING = YES;
				GCC_C_LANGUAGE_STANDARD = gnu17;
				GCC_DYNAMIC_NO_PIC = NO;
				GCC_NO_COMMON_BLOCKS = YES;
				GCC_OPTIMIZATION_LEVEL = 0;
				GCC_PREPROCESSOR_DEFINITIONS = (
					"DEBUG=1",
					"$(inherited)",
				);
				GCC_WARN_64_TO_32_BIT_CONVERSION = YES;
				GCC_WARN_ABOUT_RETURN_TYPE = YES_ERROR;
				GCC_WARN_UNDECLARED_SELECTOR = YES;
				GCC_WARN_UNINITIALIZED_AUTOS = YES_AGGRESSIVE;
				GCC_WARN_UNUSED_FUNCTION = YES;
				GCC_WARN_UNUSED_VARIABLE = YES;
				IPHONEOS_DEPLOYMENT_TARGET = 18.4;
				LOCALIZATION_PREFERS_STRING_CATALOGS = YES;
				MTL_ENABLE_DEBUG_INFO = INCLUDE_SOURCE;
				MTL_FAST_MATH = YES;
				ONLY_ACTIVE_ARCH = YES;
				SDKROOT = iphoneos;
				SWIFT_ACTIVE_COMPILATION_CONDITIONS = "DEBUG $(inherited)";
				SWIFT_OPTIMIZATION_LEVEL = "-Onone";
			};
			name = Debug;
		};
		3A94BBE52DAA096600EF3FCD /* Release */ = {
			isa = XCBuildConfiguration;
			buildSettings = {
				ALWAYS_SEARCH_USER_PATHS = NO;
				ASSETCATALOG_COMPILER_GENERATE_SWIFT_ASSET_SYMBOL_EXTENSIONS = YES;
				CLANG_ANALYZER_NONNULL = YES;
				CLANG_ANALYZER_NUMBER_OBJECT_CONVERSION = YES_AGGRESSIVE;
				CLANG_CXX_LANGUAGE_STANDARD = "gnu++20";
				CLANG_ENABLE_MODULES = YES;
				CLANG_ENABLE_OBJC_ARC = YES;
				CLANG_ENABLE_OBJC_WEAK = YES;
				CLANG_WARN_BLOCK_CAPTURE_AUTORELEASING = YES;
				CLANG_WARN_BOOL_CONVERSION = YES;
				CLANG_WARN_COMMA = YES;
				CLANG_WARN_CONSTANT_CONVERSION = YES;
				CLANG_WARN_DEPRECATED_OBJC_IMPLEMENTATIONS = YES;
				CLANG_WARN_DIRECT_OBJC_ISA_USAGE = YES_ERROR;
				CLANG_WARN_DOCUMENTATION_COMMENTS = YES;
				CLANG_WARN_EMPTY_BODY = YES;
				CLANG_WARN_ENUM_CONVERSION = YES;
				CLANG_WARN_INFINITE_RECURSION = YES;
				CLANG_WARN_INT_CONVERSION = YES;
				CLANG_WARN_NON_LITERAL_NULL_CONVERSION = YES;
				CLANG_WARN_OBJC_IMPLICIT_RETAIN_SELF = YES;
				CLANG_WARN_OBJC_LITERAL_CONVERSION = YES;
				CLANG_WARN_OBJC_ROOT_CLASS = YES_ERROR;
				CLANG_WARN_QUOTED_INCLUDE_IN_FRAMEWORK_HEADER = YES;
				CLANG_WARN_RANGE_LOOP_ANALYSIS = YES;
				CLANG_WARN_STRICT_PROTOTYPES = YES;
				CLANG_WARN_SUSPICIOUS_MOVE = YES;
				CLANG_WARN_UNGUARDED_AVAILABILITY = YES_AGGRESSIVE;
				CLANG_WARN_UNREACHABLE_CODE = YES;
				CLANG_WARN__DUPLICATE_METHOD_MATCH = YES;
				COPY_PHASE_STRIP = NO;
				DEBUG_INFORMATION_FORMAT = "dwarf-with-dsym";
				DEVELOPMENT_TEAM = 6TNKUF97WJ;
				ENABLE_NS_ASSERTIONS = NO;
				ENABLE_STRICT_OBJC_MSGSEND = YES;
				ENABLE_USER_SCRIPT_SANDBOXING = YES;
				GCC_C_LANGUAGE_STANDARD = gnu17;
				GCC_NO_COMMON_BLOCKS = YES;
				GCC_WARN_64_TO_32_BIT_CONVERSION = YES;
				GCC_WARN_ABOUT_RETURN_TYPE = YES_ERROR;
				GCC_WARN_UNDECLARED_SELECTOR = YES;
				GCC_WARN_UNINITIALIZED_AUTOS = YES_AGGRESSIVE;
				GCC_WARN_UNUSED_FUNCTION = YES;
				GCC_WARN_UNUSED_VARIABLE = YES;
				IPHONEOS_DEPLOYMENT_TARGET = 18.4;
				LOCALIZATION_PREFERS_STRING_CATALOGS = YES;
				MTL_ENABLE_DEBUG_INFO = NO;
				MTL_FAST_MATH = YES;
				SDKROOT = iphoneos;
				SWIFT_COMPILATION_MODE = wholemodule;
				VALIDATE_PRODUCT = YES;
			};
			name = Release;
		};
		3A94BBE72DAA096700EF3FCD /* Debug */ = {
			isa = XCBuildConfiguration;
			buildSettings = {
				ASSETCATALOG_COMPILER_APPICON_NAME = AppIcon;
				ASSETCATALOG_COMPILER_GLOBAL_ACCENT_COLOR_NAME = AccentColor;
				CODE_SIGN_STYLE = Automatic;
				CURRENT_PROJECT_VERSION = 1;
				DEVELOPMENT_TEAM = 6TNKUF97WJ;
				ENABLE_PREVIEWS = YES;
				GENERATE_INFOPLIST_FILE = YES;
				INFOPLIST_KEY_CFBundleDisplayName = Arkan;
				INFOPLIST_KEY_LSApplicationCategoryType = "public.app-category.lifestyle";
				INFOPLIST_KEY_UIApplicationSceneManifest_Generation = YES;
				INFOPLIST_KEY_UIApplicationSupportsIndirectInputEvents = YES;
				INFOPLIST_KEY_UILaunchScreen_Generation = YES;
				INFOPLIST_KEY_UISupportedInterfaceOrientations = UIInterfaceOrientationPortrait;
				INFOPLIST_KEY_UISupportedInterfaceOrientations_iPad = "UIInterfaceOrientationLandscapeLeft UIInterfaceOrientationLandscapeRight UIInterfaceOrientationPortrait UIInterfaceOrientationPortraitUpsideDown";
				LD_RUNPATH_SEARCH_PATHS = (
					"$(inherited)",
					"@executable_path/Frameworks",
				);
				MARKETING_VERSION = 1.0;
				PRODUCT_BUNDLE_IDENTIFIER = com.BasheerTheSWE.Arkan;
				PRODUCT_NAME = "$(TARGET_NAME)";
				SUPPORTED_PLATFORMS = "iphoneos iphonesimulator";
				SUPPORTS_MACCATALYST = NO;
				SUPPORTS_MAC_DESIGNED_FOR_IPHONE_IPAD = NO;
				SUPPORTS_XR_DESIGNED_FOR_IPHONE_IPAD = NO;
				SWIFT_EMIT_LOC_STRINGS = YES;
				SWIFT_VERSION = 5.0;
				TARGETED_DEVICE_FAMILY = "1,2";
			};
			name = Debug;
		};
		3A94BBE82DAA096700EF3FCD /* Release */ = {
			isa = XCBuildConfiguration;
			buildSettings = {
				ASSETCATALOG_COMPILER_APPICON_NAME = AppIcon;
				ASSETCATALOG_COMPILER_GLOBAL_ACCENT_COLOR_NAME = AccentColor;
				CODE_SIGN_STYLE = Automatic;
				CURRENT_PROJECT_VERSION = 1;
				DEVELOPMENT_TEAM = 6TNKUF97WJ;
				ENABLE_PREVIEWS = YES;
				GENERATE_INFOPLIST_FILE = YES;
				INFOPLIST_KEY_CFBundleDisplayName = Arkan;
				INFOPLIST_KEY_LSApplicationCategoryType = "public.app-category.lifestyle";
				INFOPLIST_KEY_UIApplicationSceneManifest_Generation = YES;
				INFOPLIST_KEY_UIApplicationSupportsIndirectInputEvents = YES;
				INFOPLIST_KEY_UILaunchScreen_Generation = YES;
				INFOPLIST_KEY_UISupportedInterfaceOrientations = UIInterfaceOrientationPortrait;
				INFOPLIST_KEY_UISupportedInterfaceOrientations_iPad = "UIInterfaceOrientationLandscapeLeft UIInterfaceOrientationLandscapeRight UIInterfaceOrientationPortrait UIInterfaceOrientationPortraitUpsideDown";
				LD_RUNPATH_SEARCH_PATHS = (
					"$(inherited)",
					"@executable_path/Frameworks",
				);
				MARKETING_VERSION = 1.0;
				PRODUCT_BUNDLE_IDENTIFIER = com.BasheerTheSWE.Arkan;
				PRODUCT_NAME = "$(TARGET_NAME)";
				SUPPORTED_PLATFORMS = "iphoneos iphonesimulator";
				SUPPORTS_MACCATALYST = NO;
				SUPPORTS_MAC_DESIGNED_FOR_IPHONE_IPAD = NO;
				SUPPORTS_XR_DESIGNED_FOR_IPHONE_IPAD = NO;
				SWIFT_EMIT_LOC_STRINGS = YES;
				SWIFT_VERSION = 5.0;
				TARGETED_DEVICE_FAMILY = "1,2";
			};
			name = Release;
		};
/* End XCBuildConfiguration section */

/* Begin XCConfigurationList section */
		3A94BBD62DAA096600EF3FCD /* Build configuration list for PBXProject "Arkan" */ = {
			isa = XCConfigurationList;
			buildConfigurations = (
				3A94BBE42DAA096600EF3FCD /* Debug */,
				3A94BBE52DAA096600EF3FCD /* Release */,
			);
			defaultConfigurationIsVisible = 0;
			defaultConfigurationName = Release;
		};
		3A94BBE62DAA096700EF3FCD /* Build configuration list for PBXNativeTarget "Arkan" */ = {
			isa = XCConfigurationList;
			buildConfigurations = (
				3A94BBE72DAA096700EF3FCD /* Debug */,
				3A94BBE82DAA096700EF3FCD /* Release */,
			);
			defaultConfigurationIsVisible = 0;
			defaultConfigurationName = Release;
		};
/* End XCConfigurationList section */
	};
	rootObject = 3A94BBD32DAA096600EF3FCD /* Project object */;
}
