// !$*UTF8*$!
{
	archiveVersion = 1;
	classes = {
	};
	objectVersion = 77;
	objects = {

/* Begin PBXBuildFile section */
		3A1BCF2B2DAB76DE00005FA5 /* LocationFetcher.swift in Sources */ = {isa = PBXBuildFile; fileRef = 3A1BCF2A2DAB76DE00005FA5 /* LocationFetcher.swift */; };
		3A1BCF2C2DAB76DE00005FA5 /* LocationFetcher.swift in Sources */ = {isa = PBXBuildFile; fileRef = 3A1BCF2A2DAB76DE00005FA5 /* LocationFetcher.swift */; };
		3A1BCF372DAB9E7700005FA5 /* ReemKufi.ttf in Resources */ = {isa = PBXBuildFile; fileRef = 3A1BCF362DAB9E7700005FA5 /* ReemKufi.ttf */; };
		3A70357C2DAB72E400F281F5 /* PrayerTimesForSpecificDateAPIResponse.swift in Sources */ = {isa = PBXBuildFile; fileRef = 3A70357B2DAB72E400F281F5 /* PrayerTimesForSpecificDateAPIResponse.swift */; };
		3A70357D2DAB72E400F281F5 /* PrayerTimesForSpecificDateAPIResponse.swift in Sources */ = {isa = PBXBuildFile; fileRef = 3A70357B2DAB72E400F281F5 /* PrayerTimesForSpecificDateAPIResponse.swift */; };
		3A94BBED2DAA0C1F00EF3FCD /* ArkanApp.swift in Sources */ = {isa = PBXBuildFile; fileRef = 3A94BBE92DAA0C1F00EF3FCD /* ArkanApp.swift */; };
		3A94BBEE2DAA0C1F00EF3FCD /* ContentView.swift in Sources */ = {isa = PBXBuildFile; fileRef = 3A94BBEB2DAA0C1F00EF3FCD /* ContentView.swift */; };
		3A94BBEF2DAA0C1F00EF3FCD /* Assets.xcassets in Resources */ = {isa = PBXBuildFile; fileRef = 3A94BBEA2DAA0C1F00EF3FCD /* Assets.xcassets */; };
		3A94BBF32DAA0C3900EF3FCD /* PlainIconButton.swift in Sources */ = {isa = PBXBuildFile; fileRef = 3A94BBF22DAA0C3900EF3FCD /* PlainIconButton.swift */; };
		3A94BBF92DAA0D5D00EF3FCD /* OnboardingView.swift in Sources */ = {isa = PBXBuildFile; fileRef = 3A94BBF82DAA0D5D00EF3FCD /* OnboardingView.swift */; };
		3A94BBFB2DAA0DA800EF3FCD /* NetworkManager.swift in Sources */ = {isa = PBXBuildFile; fileRef = 3A94BBFA2DAA0DA800EF3FCD /* NetworkManager.swift */; };
		3A94BBFE2DAA1EBA00EF3FCD /* PrayerTimesForGregorianYearAPIResponse.swift in Sources */ = {isa = PBXBuildFile; fileRef = 3A94BBFD2DAA1EBA00EF3FCD /* PrayerTimesForGregorianYearAPIResponse.swift */; };
		3A94BC022DAA2BD900EF3FCD /* PrayerTimesInfo.swift in Sources */ = {isa = PBXBuildFile; fileRef = 3A94BC012DAA2BD900EF3FCD /* PrayerTimesInfo.swift */; };
		3A94BC042DAA2BF200EF3FCD /* PrayerTimes.swift in Sources */ = {isa = PBXBuildFile; fileRef = 3A94BC032DAA2BF200EF3FCD /* PrayerTimes.swift */; };
		3A94BC062DAA2BFF00EF3FCD /* DateInfo.swift in Sources */ = {isa = PBXBuildFile; fileRef = 3A94BC052DAA2BFF00EF3FCD /* DateInfo.swift */; };
		3A94BC082DAA2C0A00EF3FCD /* GregorianDate.swift in Sources */ = {isa = PBXBuildFile; fileRef = 3A94BC072DAA2C0A00EF3FCD /* GregorianDate.swift */; };
		3A94BC0A2DAA2C1600EF3FCD /* HijriDate.swift in Sources */ = {isa = PBXBuildFile; fileRef = 3A94BC092DAA2C1600EF3FCD /* HijriDate.swift */; };
		3A94BC0C2DAA2C2200EF3FCD /* HijriWeekday.swift in Sources */ = {isa = PBXBuildFile; fileRef = 3A94BC0B2DAA2C2200EF3FCD /* HijriWeekday.swift */; };
		3A94BC0E2DAA2C3000EF3FCD /* HijriMonth.swift in Sources */ = {isa = PBXBuildFile; fileRef = 3A94BC0D2DAA2C3000EF3FCD /* HijriMonth.swift */; };
		3A94BC112DAA2D2900EF3FCD /* MainHeaderView.swift in Sources */ = {isa = PBXBuildFile; fileRef = 3A94BC102DAA2D2900EF3FCD /* MainHeaderView.swift */; };
		3A94BC142DAA3CA800EF3FCD /* PrayerTimeCell.swift in Sources */ = {isa = PBXBuildFile; fileRef = 3A94BC132DAA3CA800EF3FCD /* PrayerTimeCell.swift */; };
		3A94BC162DAA3E8200EF3FCD /* MetaData.swift in Sources */ = {isa = PBXBuildFile; fileRef = 3A94BC152DAA3E8200EF3FCD /* MetaData.swift */; };
		3A94BC182DAA3E9400EF3FCD /* MetaDataMethod.swift in Sources */ = {isa = PBXBuildFile; fileRef = 3A94BC172DAA3E9400EF3FCD /* MetaDataMethod.swift */; };
		3A94BC1A2DAA3F2900EF3FCD /* MenuButton.swift in Sources */ = {isa = PBXBuildFile; fileRef = 3A94BC192DAA3F2900EF3FCD /* MenuButton.swift */; };
		3A94BC1C2DAA440E00EF3FCD /* SettingsView.swift in Sources */ = {isa = PBXBuildFile; fileRef = 3A94BC1B2DAA440E00EF3FCD /* SettingsView.swift */; };
		3A94BC1F2DAA446D00EF3FCD /* MailComposeView.swift in Sources */ = {isa = PBXBuildFile; fileRef = 3A94BC1E2DAA446D00EF3FCD /* MailComposeView.swift */; };
		3A94BC212DAA677800EF3FCD /* ArchivedPrayerTimesForGregorianYear.swift in Sources */ = {isa = PBXBuildFile; fileRef = 3A94BC202DAA677800EF3FCD /* ArchivedPrayerTimesForGregorianYear.swift */; };
		3A94BC252DAA7F7200EF3FCD /* UDKey.swift in Sources */ = {isa = PBXBuildFile; fileRef = 3A94BC242DAA7F7200EF3FCD /* UDKey.swift */; };
		3A94BC272DAA831300EF3FCD /* Prayer.swift in Sources */ = {isa = PBXBuildFile; fileRef = 3A94BC262DAA831300EF3FCD /* Prayer.swift */; };
		3A94BC2A2DAA893E00EF3FCD /* Date+Ext.swift in Sources */ = {isa = PBXBuildFile; fileRef = 3A94BC292DAA893E00EF3FCD /* Date+Ext.swift */; };
		3A94BC322DAAA1DF00EF3FCD /* WidgetKit.framework in Frameworks */ = {isa = PBXBuildFile; fileRef = 3A94BC312DAAA1DF00EF3FCD /* WidgetKit.framework */; };
		3A94BC342DAAA1DF00EF3FCD /* SwiftUI.framework in Frameworks */ = {isa = PBXBuildFile; fileRef = 3A94BC332DAAA1DF00EF3FCD /* SwiftUI.framework */; };
		3A94BC432DAAA1E100EF3FCD /* DailyPrayerTimesWidgetExtension.appex in Embed Foundation Extensions */ = {isa = PBXBuildFile; fileRef = 3A94BC2F2DAAA1DF00EF3FCD /* DailyPrayerTimesWidgetExtension.appex */; settings = {ATTRIBUTES = (RemoveHeadersOnCopy, ); }; };
		3A94BC502DAAA1EB00EF3FCD /* AppIntent.swift in Sources */ = {isa = PBXBuildFile; fileRef = 3A94BC492DAAA1EB00EF3FCD /* AppIntent.swift */; };
		3A94BC512DAAA1EB00EF3FCD /* DailyPrayerTimesWidget.swift in Sources */ = {isa = PBXBuildFile; fileRef = 3A94BC4B2DAAA1EB00EF3FCD /* DailyPrayerTimesWidget.swift */; };
		3A94BC522DAAA1EB00EF3FCD /* DailyPrayerTimesWidgetBundle.swift in Sources */ = {isa = PBXBuildFile; fileRef = 3A94BC4C2DAAA1EB00EF3FCD /* DailyPrayerTimesWidgetBundle.swift */; };
		3A94BC532DAAA1EB00EF3FCD /* DailyPrayerTimesWidgetControl.swift in Sources */ = {isa = PBXBuildFile; fileRef = 3A94BC4D2DAAA1EB00EF3FCD /* DailyPrayerTimesWidgetControl.swift */; };
		3A94BC542DAAA1EB00EF3FCD /* Assets.xcassets in Resources */ = {isa = PBXBuildFile; fileRef = 3A94BC4A2DAAA1EB00EF3FCD /* Assets.xcassets */; };
		3A94BC582DAAB54600EF3FCD /* ArchivedPrayerTimesForGregorianYear.swift in Sources */ = {isa = PBXBuildFile; fileRef = 3A94BC202DAA677800EF3FCD /* ArchivedPrayerTimesForGregorianYear.swift */; };
		3A94BC592DAAB55B00EF3FCD /* PrayerTimesForGregorianYearAPIResponse.swift in Sources */ = {isa = PBXBuildFile; fileRef = 3A94BBFD2DAA1EBA00EF3FCD /* PrayerTimesForGregorianYearAPIResponse.swift */; };
		3A94BC5A2DAAB55F00EF3FCD /* PrayerTimesInfo.swift in Sources */ = {isa = PBXBuildFile; fileRef = 3A94BC012DAA2BD900EF3FCD /* PrayerTimesInfo.swift */; };
		3A94BC5B2DAAB56400EF3FCD /* PrayerTimes.swift in Sources */ = {isa = PBXBuildFile; fileRef = 3A94BC032DAA2BF200EF3FCD /* PrayerTimes.swift */; };
		3A94BC5C2DAAB56800EF3FCD /* DateInfo.swift in Sources */ = {isa = PBXBuildFile; fileRef = 3A94BC052DAA2BFF00EF3FCD /* DateInfo.swift */; };
		3A94BC5D2DAAB56E00EF3FCD /* GregorianDate.swift in Sources */ = {isa = PBXBuildFile; fileRef = 3A94BC072DAA2C0A00EF3FCD /* GregorianDate.swift */; };
		3A94BC5E2DAAB57400EF3FCD /* HijriDate.swift in Sources */ = {isa = PBXBuildFile; fileRef = 3A94BC092DAA2C1600EF3FCD /* HijriDate.swift */; };
		3A94BC5F2DAAB57900EF3FCD /* HijriWeekday.swift in Sources */ = {isa = PBXBuildFile; fileRef = 3A94BC0B2DAA2C2200EF3FCD /* HijriWeekday.swift */; };
		3A94BC602DAAB57E00EF3FCD /* HijriMonth.swift in Sources */ = {isa = PBXBuildFile; fileRef = 3A94BC0D2DAA2C3000EF3FCD /* HijriMonth.swift */; };
		3A94BC612DAAB58300EF3FCD /* MetaData.swift in Sources */ = {isa = PBXBuildFile; fileRef = 3A94BC152DAA3E8200EF3FCD /* MetaData.swift */; };
		3A94BC622DAAB58800EF3FCD /* MetaDataMethod.swift in Sources */ = {isa = PBXBuildFile; fileRef = 3A94BC172DAA3E9400EF3FCD /* MetaDataMethod.swift */; };
		3A94BC632DAAB59700EF3FCD /* Prayer.swift in Sources */ = {isa = PBXBuildFile; fileRef = 3A94BC262DAA831300EF3FCD /* Prayer.swift */; };
		3A94BC642DAAB59C00EF3FCD /* UDKey.swift in Sources */ = {isa = PBXBuildFile; fileRef = 3A94BC242DAA7F7200EF3FCD /* UDKey.swift */; };
		3A94BC652DAAB5D600EF3FCD /* Date+Ext.swift in Sources */ = {isa = PBXBuildFile; fileRef = 3A94BC292DAA893E00EF3FCD /* Date+Ext.swift */; };
		3A94BC672DAAB7E300EF3FCD /* PrayerTimesManager.swift in Sources */ = {isa = PBXBuildFile; fileRef = 3A94BC662DAAB7E300EF3FCD /* PrayerTimesManager.swift */; };
		3A94BC682DAABCA000EF3FCD /* NetworkManager.swift in Sources */ = {isa = PBXBuildFile; fileRef = 3A94BBFA2DAA0DA800EF3FCD /* NetworkManager.swift */; };
		3A94BC692DAABCA500EF3FCD /* PrayerTimesManager.swift in Sources */ = {isa = PBXBuildFile; fileRef = 3A94BC662DAAB7E300EF3FCD /* PrayerTimesManager.swift */; };
		3A94BC6A2DAABCB900EF3FCD /* PrayerTimeCell.swift in Sources */ = {isa = PBXBuildFile; fileRef = 3A94BC132DAA3CA800EF3FCD /* PrayerTimeCell.swift */; };
		3AF6CD0D2DAC046D00A1045C /* UserDefaults+Ext.swift in Sources */ = {isa = PBXBuildFile; fileRef = 3AF6CD0C2DAC046D00A1045C /* UserDefaults+Ext.swift */; };
		3AF6CD0E2DAC046D00A1045C /* UserDefaults+Ext.swift in Sources */ = {isa = PBXBuildFile; fileRef = 3AF6CD0C2DAC046D00A1045C /* UserDefaults+Ext.swift */; };
		3AF6CD102DAC1B3E00A1045C /* PrayerTimeWidgetCell.swift in Sources */ = {isa = PBXBuildFile; fileRef = 3AF6CD0F2DAC1B3E00A1045C /* PrayerTimeWidgetCell.swift */; };
		3AF6CD112DAC1B3E00A1045C /* PrayerTimeWidgetCell.swift in Sources */ = {isa = PBXBuildFile; fileRef = 3AF6CD0F2DAC1B3E00A1045C /* PrayerTimeWidgetCell.swift */; };
		3AF6CD142DAC32BB00A1045C /* DedicationView.swift in Sources */ = {isa = PBXBuildFile; fileRef = 3AF6CD132DAC32BB00A1045C /* DedicationView.swift */; };
		3AF6CD162DACD98500A1045C /* Amiri-Regular.ttf in Resources */ = {isa = PBXBuildFile; fileRef = 3AF6CD152DACD98500A1045C /* Amiri-Regular.ttf */; };
		3AF6CD182DACDFB800A1045C /* ArchivedPrayerTimesForSpecificDate.swift in Sources */ = {isa = PBXBuildFile; fileRef = 3AF6CD172DACDFB800A1045C /* ArchivedPrayerTimesForSpecificDate.swift */; };
		3AF6CD192DACDFB800A1045C /* ArchivedPrayerTimesForSpecificDate.swift in Sources */ = {isa = PBXBuildFile; fileRef = 3AF6CD172DACDFB800A1045C /* ArchivedPrayerTimesForSpecificDate.swift */; };
		3AF6CD1B2DACFE2A00A1045C /* SwiftDataManager.swift in Sources */ = {isa = PBXBuildFile; fileRef = 3AF6CD1A2DACFE2A00A1045C /* SwiftDataManager.swift */; };
		3AF6CD1C2DACFE2A00A1045C /* SwiftDataManager.swift in Sources */ = {isa = PBXBuildFile; fileRef = 3AF6CD1A2DACFE2A00A1045C /* SwiftDataManager.swift */; };
		3AF6CD1E2DAD419B00A1045C /* NotificationsManager.swift in Sources */ = {isa = PBXBuildFile; fileRef = 3AF6CD1D2DAD419B00A1045C /* NotificationsManager.swift */; };
		3AF6CD1F2DAD419B00A1045C /* NotificationsManager.swift in Sources */ = {isa = PBXBuildFile; fileRef = 3AF6CD1D2DAD419B00A1045C /* NotificationsManager.swift */; };
		3AF6CD212DAD449100A1045C /* PrayerTimesForSpecificPeriodAPIResponse.swift in Sources */ = {isa = PBXBuildFile; fileRef = 3AF6CD202DAD449100A1045C /* PrayerTimesForSpecificPeriodAPIResponse.swift */; };
		3AF6CD222DAD449100A1045C /* PrayerTimesForSpecificPeriodAPIResponse.swift in Sources */ = {isa = PBXBuildFile; fileRef = 3AF6CD202DAD449100A1045C /* PrayerTimesForSpecificPeriodAPIResponse.swift */; };
		3AF6CD282DAD6B1400A1045C /* WidgetKit.framework in Frameworks */ = {isa = PBXBuildFile; fileRef = 3A94BC312DAAA1DF00EF3FCD /* WidgetKit.framework */; };
		3AF6CD292DAD6B1400A1045C /* SwiftUI.framework in Frameworks */ = {isa = PBXBuildFile; fileRef = 3A94BC332DAAA1DF00EF3FCD /* SwiftUI.framework */; };
		3AF6CD382DAD6B1500A1045C /* NextPrayerWidgetExtension.appex in Embed Foundation Extensions */ = {isa = PBXBuildFile; fileRef = 3AF6CD272DAD6B1300A1045C /* NextPrayerWidgetExtension.appex */; settings = {ATTRIBUTES = (RemoveHeadersOnCopy, ); }; };
		3AF6CD442DAD6B2800A1045C /* Assets.xcassets in Resources */ = {isa = PBXBuildFile; fileRef = 3AF6CD3E2DAD6B2800A1045C /* Assets.xcassets */; };
		3AF6CD472DAD6B2800A1045C /* NextPrayerWidget.swift in Sources */ = {isa = PBXBuildFile; fileRef = 3AF6CD402DAD6B2800A1045C /* NextPrayerWidget.swift */; };
		3AF6CD482DAD6B2800A1045C /* NextPrayerWidgetBundle.swift in Sources */ = {isa = PBXBuildFile; fileRef = 3AF6CD412DAD6B2800A1045C /* NextPrayerWidgetBundle.swift */; };
		3AF6CD492DAD6B2800A1045C /* NextPrayerWidgetControl.swift in Sources */ = {isa = PBXBuildFile; fileRef = 3AF6CD422DAD6B2800A1045C /* NextPrayerWidgetControl.swift */; };
		3AF6CD4B2DAD823D00A1045C /* Prayer.swift in Sources */ = {isa = PBXBuildFile; fileRef = 3A94BC262DAA831300EF3FCD /* Prayer.swift */; };
		3AF6CD4C2DAD82ED00A1045C /* PrayerTimesManager.swift in Sources */ = {isa = PBXBuildFile; fileRef = 3A94BC662DAAB7E300EF3FCD /* PrayerTimesManager.swift */; };
		3AF6CD4D2DAD830200A1045C /* NetworkManager.swift in Sources */ = {isa = PBXBuildFile; fileRef = 3A94BBFA2DAA0DA800EF3FCD /* NetworkManager.swift */; };
		3AF6CD4E2DAD830700A1045C /* LocationFetcher.swift in Sources */ = {isa = PBXBuildFile; fileRef = 3A1BCF2A2DAB76DE00005FA5 /* LocationFetcher.swift */; };
		3AF6CD4F2DAD830D00A1045C /* SwiftDataManager.swift in Sources */ = {isa = PBXBuildFile; fileRef = 3AF6CD1A2DACFE2A00A1045C /* SwiftDataManager.swift */; };
		3AF6CD502DAD831200A1045C /* NotificationsManager.swift in Sources */ = {isa = PBXBuildFile; fileRef = 3AF6CD1D2DAD419B00A1045C /* NotificationsManager.swift */; };
		3AF6CD512DAD831E00A1045C /* ArchivedPrayerTimesForGregorianYear.swift in Sources */ = {isa = PBXBuildFile; fileRef = 3A94BC202DAA677800EF3FCD /* ArchivedPrayerTimesForGregorianYear.swift */; };
		3AF6CD522DAD832200A1045C /* ArchivedPrayerTimesForSpecificDate.swift in Sources */ = {isa = PBXBuildFile; fileRef = 3AF6CD172DACDFB800A1045C /* ArchivedPrayerTimesForSpecificDate.swift */; };
		3AF6CD532DAD832900A1045C /* PrayerTimesForGregorianYearAPIResponse.swift in Sources */ = {isa = PBXBuildFile; fileRef = 3A94BBFD2DAA1EBA00EF3FCD /* PrayerTimesForGregorianYearAPIResponse.swift */; };
		3AF6CD542DAD832F00A1045C /* PrayerTimesForSpecificDateAPIResponse.swift in Sources */ = {isa = PBXBuildFile; fileRef = 3A70357B2DAB72E400F281F5 /* PrayerTimesForSpecificDateAPIResponse.swift */; };
		3AF6CD552DAD833300A1045C /* PrayerTimesForSpecificPeriodAPIResponse.swift in Sources */ = {isa = PBXBuildFile; fileRef = 3AF6CD202DAD449100A1045C /* PrayerTimesForSpecificPeriodAPIResponse.swift */; };
		3AF6CD562DAD833900A1045C /* PrayerTimesInfo.swift in Sources */ = {isa = PBXBuildFile; fileRef = 3A94BC012DAA2BD900EF3FCD /* PrayerTimesInfo.swift */; };
		3AF6CD572DAD833E00A1045C /* PrayerTimes.swift in Sources */ = {isa = PBXBuildFile; fileRef = 3A94BC032DAA2BF200EF3FCD /* PrayerTimes.swift */; };
		3AF6CD582DAD834200A1045C /* DateInfo.swift in Sources */ = {isa = PBXBuildFile; fileRef = 3A94BC052DAA2BFF00EF3FCD /* DateInfo.swift */; };
		3AF6CD592DAD834700A1045C /* GregorianDate.swift in Sources */ = {isa = PBXBuildFile; fileRef = 3A94BC072DAA2C0A00EF3FCD /* GregorianDate.swift */; };
		3AF6CD5A2DAD834C00A1045C /* HijriDate.swift in Sources */ = {isa = PBXBuildFile; fileRef = 3A94BC092DAA2C1600EF3FCD /* HijriDate.swift */; };
		3AF6CD5B2DAD835100A1045C /* HijriWeekday.swift in Sources */ = {isa = PBXBuildFile; fileRef = 3A94BC0B2DAA2C2200EF3FCD /* HijriWeekday.swift */; };
		3AF6CD5C2DAD835600A1045C /* HijriMonth.swift in Sources */ = {isa = PBXBuildFile; fileRef = 3A94BC0D2DAA2C3000EF3FCD /* HijriMonth.swift */; };
		3AF6CD5D2DAD835C00A1045C /* MetaData.swift in Sources */ = {isa = PBXBuildFile; fileRef = 3A94BC152DAA3E8200EF3FCD /* MetaData.swift */; };
		3AF6CD5E2DAD836000A1045C /* MetaDataMethod.swift in Sources */ = {isa = PBXBuildFile; fileRef = 3A94BC172DAA3E9400EF3FCD /* MetaDataMethod.swift */; };
		3AF6CD5F2DAD837400A1045C /* UDKey.swift in Sources */ = {isa = PBXBuildFile; fileRef = 3A94BC242DAA7F7200EF3FCD /* UDKey.swift */; };
		3AF6CD602DAD837B00A1045C /* Date+Ext.swift in Sources */ = {isa = PBXBuildFile; fileRef = 3A94BC292DAA893E00EF3FCD /* Date+Ext.swift */; };
		3AF6CD612DAD838000A1045C /* UserDefaults+Ext.swift in Sources */ = {isa = PBXBuildFile; fileRef = 3AF6CD0C2DAC046D00A1045C /* UserDefaults+Ext.swift */; };
		3AF6CD632DAD871C00A1045C /* NextPrayerTimeSmallWidgetView.swift in Sources */ = {isa = PBXBuildFile; fileRef = 3AF6CD622DAD871C00A1045C /* NextPrayerTimeSmallWidgetView.swift */; };
		3AF6CD652DAD96FF00A1045C /* NextPrayerTimeCircularWidgetView.swift in Sources */ = {isa = PBXBuildFile; fileRef = 3AF6CD642DAD96FF00A1045C /* NextPrayerTimeCircularWidgetView.swift */; };
/* End PBXBuildFile section */

/* Begin PBXContainerItemProxy section */
		3A94BC412DAAA1E100EF3FCD /* PBXContainerItemProxy */ = {
			isa = PBXContainerItemProxy;
			containerPortal = 3A94BBD32DAA096600EF3FCD /* Project object */;
			proxyType = 1;
			remoteGlobalIDString = 3A94BC2E2DAAA1DF00EF3FCD;
			remoteInfo = DailyPrayerTimesWidgetExtension;
		};
		3AF6CD362DAD6B1500A1045C /* PBXContainerItemProxy */ = {
			isa = PBXContainerItemProxy;
			containerPortal = 3A94BBD32DAA096600EF3FCD /* Project object */;
			proxyType = 1;
			remoteGlobalIDString = 3AF6CD262DAD6B1300A1045C;
			remoteInfo = NextPrayerWidgetExtension;
		};
/* End PBXContainerItemProxy section */

/* Begin PBXCopyFilesBuildPhase section */
		3A94BC482DAAA1E100EF3FCD /* Embed Foundation Extensions */ = {
			isa = PBXCopyFilesBuildPhase;
			buildActionMask = 2147483647;
			dstPath = "";
			dstSubfolderSpec = 13;
			files = (
				3AF6CD382DAD6B1500A1045C /* NextPrayerWidgetExtension.appex in Embed Foundation Extensions */,
				3A94BC432DAAA1E100EF3FCD /* DailyPrayerTimesWidgetExtension.appex in Embed Foundation Extensions */,
			);
			name = "Embed Foundation Extensions";
			runOnlyForDeploymentPostprocessing = 0;
		};
/* End PBXCopyFilesBuildPhase section */

/* Begin PBXFileReference section */
		3A1BCF2A2DAB76DE00005FA5 /* LocationFetcher.swift */ = {isa = PBXFileReference; lastKnownFileType = sourcecode.swift; path = LocationFetcher.swift; sourceTree = "<group>"; };
		3A1BCF2D2DAB799800005FA5 /* Info.plist */ = {isa = PBXFileReference; lastKnownFileType = text.plist; path = Info.plist; sourceTree = "<group>"; };
		3A1BCF362DAB9E7700005FA5 /* ReemKufi.ttf */ = {isa = PBXFileReference; lastKnownFileType = file; path = ReemKufi.ttf; sourceTree = "<group>"; };
		3A70357B2DAB72E400F281F5 /* PrayerTimesForSpecificDateAPIResponse.swift */ = {isa = PBXFileReference; lastKnownFileType = sourcecode.swift; path = PrayerTimesForSpecificDateAPIResponse.swift; sourceTree = "<group>"; };
		3A94BBDB2DAA096600EF3FCD /* Arkan.app */ = {isa = PBXFileReference; explicitFileType = wrapper.application; includeInIndex = 0; path = Arkan.app; sourceTree = BUILT_PRODUCTS_DIR; };
		3A94BBE92DAA0C1F00EF3FCD /* ArkanApp.swift */ = {isa = PBXFileReference; lastKnownFileType = sourcecode.swift; path = ArkanApp.swift; sourceTree = "<group>"; };
		3A94BBEA2DAA0C1F00EF3FCD /* Assets.xcassets */ = {isa = PBXFileReference; lastKnownFileType = folder.assetcatalog; path = Assets.xcassets; sourceTree = "<group>"; };
		3A94BBEB2DAA0C1F00EF3FCD /* ContentView.swift */ = {isa = PBXFileReference; lastKnownFileType = sourcecode.swift; path = ContentView.swift; sourceTree = "<group>"; };
		3A94BBF22DAA0C3900EF3FCD /* PlainIconButton.swift */ = {isa = PBXFileReference; lastKnownFileType = sourcecode.swift; path = PlainIconButton.swift; sourceTree = "<group>"; };
		3A94BBF82DAA0D5D00EF3FCD /* OnboardingView.swift */ = {isa = PBXFileReference; lastKnownFileType = sourcecode.swift; path = OnboardingView.swift; sourceTree = "<group>"; };
		3A94BBFA2DAA0DA800EF3FCD /* NetworkManager.swift */ = {isa = PBXFileReference; lastKnownFileType = sourcecode.swift; path = NetworkManager.swift; sourceTree = "<group>"; };
		3A94BBFD2DAA1EBA00EF3FCD /* PrayerTimesForGregorianYearAPIResponse.swift */ = {isa = PBXFileReference; lastKnownFileType = sourcecode.swift; path = PrayerTimesForGregorianYearAPIResponse.swift; sourceTree = "<group>"; };
		3A94BC012DAA2BD900EF3FCD /* PrayerTimesInfo.swift */ = {isa = PBXFileReference; lastKnownFileType = sourcecode.swift; path = PrayerTimesInfo.swift; sourceTree = "<group>"; };
		3A94BC032DAA2BF200EF3FCD /* PrayerTimes.swift */ = {isa = PBXFileReference; lastKnownFileType = sourcecode.swift; path = PrayerTimes.swift; sourceTree = "<group>"; };
		3A94BC052DAA2BFF00EF3FCD /* DateInfo.swift */ = {isa = PBXFileReference; lastKnownFileType = sourcecode.swift; path = DateInfo.swift; sourceTree = "<group>"; };
		3A94BC072DAA2C0A00EF3FCD /* GregorianDate.swift */ = {isa = PBXFileReference; lastKnownFileType = sourcecode.swift; path = GregorianDate.swift; sourceTree = "<group>"; };
		3A94BC092DAA2C1600EF3FCD /* HijriDate.swift */ = {isa = PBXFileReference; lastKnownFileType = sourcecode.swift; path = HijriDate.swift; sourceTree = "<group>"; };
		3A94BC0B2DAA2C2200EF3FCD /* HijriWeekday.swift */ = {isa = PBXFileReference; lastKnownFileType = sourcecode.swift; path = HijriWeekday.swift; sourceTree = "<group>"; };
		3A94BC0D2DAA2C3000EF3FCD /* HijriMonth.swift */ = {isa = PBXFileReference; lastKnownFileType = sourcecode.swift; path = HijriMonth.swift; sourceTree = "<group>"; };
		3A94BC102DAA2D2900EF3FCD /* MainHeaderView.swift */ = {isa = PBXFileReference; lastKnownFileType = sourcecode.swift; path = MainHeaderView.swift; sourceTree = "<group>"; };
		3A94BC132DAA3CA800EF3FCD /* PrayerTimeCell.swift */ = {isa = PBXFileReference; lastKnownFileType = sourcecode.swift; path = PrayerTimeCell.swift; sourceTree = "<group>"; };
		3A94BC152DAA3E8200EF3FCD /* MetaData.swift */ = {isa = PBXFileReference; lastKnownFileType = sourcecode.swift; path = MetaData.swift; sourceTree = "<group>"; };
		3A94BC172DAA3E9400EF3FCD /* MetaDataMethod.swift */ = {isa = PBXFileReference; lastKnownFileType = sourcecode.swift; path = MetaDataMethod.swift; sourceTree = "<group>"; };
		3A94BC192DAA3F2900EF3FCD /* MenuButton.swift */ = {isa = PBXFileReference; lastKnownFileType = sourcecode.swift; path = MenuButton.swift; sourceTree = "<group>"; };
		3A94BC1B2DAA440E00EF3FCD /* SettingsView.swift */ = {isa = PBXFileReference; lastKnownFileType = sourcecode.swift; path = SettingsView.swift; sourceTree = "<group>"; };
		3A94BC1E2DAA446D00EF3FCD /* MailComposeView.swift */ = {isa = PBXFileReference; lastKnownFileType = sourcecode.swift; path = MailComposeView.swift; sourceTree = "<group>"; };
		3A94BC202DAA677800EF3FCD /* ArchivedPrayerTimesForGregorianYear.swift */ = {isa = PBXFileReference; lastKnownFileType = sourcecode.swift; path = ArchivedPrayerTimesForGregorianYear.swift; sourceTree = "<group>"; };
		3A94BC242DAA7F7200EF3FCD /* UDKey.swift */ = {isa = PBXFileReference; lastKnownFileType = sourcecode.swift; path = UDKey.swift; sourceTree = "<group>"; };
		3A94BC262DAA831300EF3FCD /* Prayer.swift */ = {isa = PBXFileReference; lastKnownFileType = sourcecode.swift; path = Prayer.swift; sourceTree = "<group>"; };
		3A94BC292DAA893E00EF3FCD /* Date+Ext.swift */ = {isa = PBXFileReference; lastKnownFileType = sourcecode.swift; path = "Date+Ext.swift"; sourceTree = "<group>"; };
		3A94BC2F2DAAA1DF00EF3FCD /* DailyPrayerTimesWidgetExtension.appex */ = {isa = PBXFileReference; explicitFileType = "wrapper.app-extension"; includeInIndex = 0; path = DailyPrayerTimesWidgetExtension.appex; sourceTree = BUILT_PRODUCTS_DIR; };
		3A94BC312DAAA1DF00EF3FCD /* WidgetKit.framework */ = {isa = PBXFileReference; lastKnownFileType = wrapper.framework; name = WidgetKit.framework; path = System/Library/Frameworks/WidgetKit.framework; sourceTree = SDKROOT; };
		3A94BC332DAAA1DF00EF3FCD /* SwiftUI.framework */ = {isa = PBXFileReference; lastKnownFileType = wrapper.framework; name = SwiftUI.framework; path = System/Library/Frameworks/SwiftUI.framework; sourceTree = SDKROOT; };
		3A94BC492DAAA1EB00EF3FCD /* AppIntent.swift */ = {isa = PBXFileReference; lastKnownFileType = sourcecode.swift; path = AppIntent.swift; sourceTree = "<group>"; };
		3A94BC4A2DAAA1EB00EF3FCD /* Assets.xcassets */ = {isa = PBXFileReference; lastKnownFileType = folder.assetcatalog; path = Assets.xcassets; sourceTree = "<group>"; };
		3A94BC4B2DAAA1EB00EF3FCD /* DailyPrayerTimesWidget.swift */ = {isa = PBXFileReference; lastKnownFileType = sourcecode.swift; path = DailyPrayerTimesWidget.swift; sourceTree = "<group>"; };
		3A94BC4C2DAAA1EB00EF3FCD /* DailyPrayerTimesWidgetBundle.swift */ = {isa = PBXFileReference; lastKnownFileType = sourcecode.swift; path = DailyPrayerTimesWidgetBundle.swift; sourceTree = "<group>"; };
		3A94BC4D2DAAA1EB00EF3FCD /* DailyPrayerTimesWidgetControl.swift */ = {isa = PBXFileReference; lastKnownFileType = sourcecode.swift; path = DailyPrayerTimesWidgetControl.swift; sourceTree = "<group>"; };
		3A94BC4E2DAAA1EB00EF3FCD /* Info.plist */ = {isa = PBXFileReference; lastKnownFileType = text.plist.xml; path = Info.plist; sourceTree = "<group>"; };
		3A94BC562DAAB22B00EF3FCD /* Arkan.entitlements */ = {isa = PBXFileReference; lastKnownFileType = text.plist.entitlements; path = Arkan.entitlements; sourceTree = "<group>"; };
		3A94BC572DAAB27C00EF3FCD /* DailyPrayerTimesWidgetExtension.entitlements */ = {isa = PBXFileReference; lastKnownFileType = text.plist.entitlements; path = DailyPrayerTimesWidgetExtension.entitlements; sourceTree = "<group>"; };
		3A94BC662DAAB7E300EF3FCD /* PrayerTimesManager.swift */ = {isa = PBXFileReference; lastKnownFileType = sourcecode.swift; path = PrayerTimesManager.swift; sourceTree = "<group>"; };
		3AF6CD0C2DAC046D00A1045C /* UserDefaults+Ext.swift */ = {isa = PBXFileReference; lastKnownFileType = sourcecode.swift; path = "UserDefaults+Ext.swift"; sourceTree = "<group>"; };
		3AF6CD0F2DAC1B3E00A1045C /* PrayerTimeWidgetCell.swift */ = {isa = PBXFileReference; lastKnownFileType = sourcecode.swift; path = PrayerTimeWidgetCell.swift; sourceTree = "<group>"; };
		3AF6CD132DAC32BB00A1045C /* DedicationView.swift */ = {isa = PBXFileReference; lastKnownFileType = sourcecode.swift; path = DedicationView.swift; sourceTree = "<group>"; };
		3AF6CD152DACD98500A1045C /* Amiri-Regular.ttf */ = {isa = PBXFileReference; lastKnownFileType = file; path = "Amiri-Regular.ttf"; sourceTree = "<group>"; };
		3AF6CD172DACDFB800A1045C /* ArchivedPrayerTimesForSpecificDate.swift */ = {isa = PBXFileReference; lastKnownFileType = sourcecode.swift; path = ArchivedPrayerTimesForSpecificDate.swift; sourceTree = "<group>"; };
		3AF6CD1A2DACFE2A00A1045C /* SwiftDataManager.swift */ = {isa = PBXFileReference; lastKnownFileType = sourcecode.swift; path = SwiftDataManager.swift; sourceTree = "<group>"; };
		3AF6CD1D2DAD419B00A1045C /* NotificationsManager.swift */ = {isa = PBXFileReference; lastKnownFileType = sourcecode.swift; path = NotificationsManager.swift; sourceTree = "<group>"; };
		3AF6CD202DAD449100A1045C /* PrayerTimesForSpecificPeriodAPIResponse.swift */ = {isa = PBXFileReference; lastKnownFileType = sourcecode.swift; path = PrayerTimesForSpecificPeriodAPIResponse.swift; sourceTree = "<group>"; };
		3AF6CD272DAD6B1300A1045C /* NextPrayerWidgetExtension.appex */ = {isa = PBXFileReference; explicitFileType = "wrapper.app-extension"; includeInIndex = 0; path = NextPrayerWidgetExtension.appex; sourceTree = BUILT_PRODUCTS_DIR; };
		3AF6CD3E2DAD6B2800A1045C /* Assets.xcassets */ = {isa = PBXFileReference; lastKnownFileType = folder.assetcatalog; path = Assets.xcassets; sourceTree = "<group>"; };
		3AF6CD3F2DAD6B2800A1045C /* Info.plist */ = {isa = PBXFileReference; lastKnownFileType = text.plist.xml; path = Info.plist; sourceTree = "<group>"; };
		3AF6CD402DAD6B2800A1045C /* NextPrayerWidget.swift */ = {isa = PBXFileReference; lastKnownFileType = sourcecode.swift; path = NextPrayerWidget.swift; sourceTree = "<group>"; };
		3AF6CD412DAD6B2800A1045C /* NextPrayerWidgetBundle.swift */ = {isa = PBXFileReference; lastKnownFileType = sourcecode.swift; path = NextPrayerWidgetBundle.swift; sourceTree = "<group>"; };
		3AF6CD422DAD6B2800A1045C /* NextPrayerWidgetControl.swift */ = {isa = PBXFileReference; lastKnownFileType = sourcecode.swift; path = NextPrayerWidgetControl.swift; sourceTree = "<group>"; };
		3AF6CD4A2DAD6B3F00A1045C /* NextPrayerWidgetExtension.entitlements */ = {isa = PBXFileReference; lastKnownFileType = text.plist.entitlements; path = NextPrayerWidgetExtension.entitlements; sourceTree = "<group>"; };
		3AF6CD622DAD871C00A1045C /* NextPrayerTimeSmallWidgetView.swift */ = {isa = PBXFileReference; lastKnownFileType = sourcecode.swift; path = NextPrayerTimeSmallWidgetView.swift; sourceTree = "<group>"; };
		3AF6CD642DAD96FF00A1045C /* NextPrayerTimeCircularWidgetView.swift */ = {isa = PBXFileReference; lastKnownFileType = sourcecode.swift; path = NextPrayerTimeCircularWidgetView.swift; sourceTree = "<group>"; };
/* End PBXFileReference section */

/* Begin PBXFrameworksBuildPhase section */
		3A94BBD82DAA096600EF3FCD /* Frameworks */ = {
			isa = PBXFrameworksBuildPhase;
			buildActionMask = 2147483647;
			files = (
			);
			runOnlyForDeploymentPostprocessing = 0;
		};
		3A94BC2C2DAAA1DF00EF3FCD /* Frameworks */ = {
			isa = PBXFrameworksBuildPhase;
			buildActionMask = 2147483647;
			files = (
				3A94BC342DAAA1DF00EF3FCD /* SwiftUI.framework in Frameworks */,
				3A94BC322DAAA1DF00EF3FCD /* WidgetKit.framework in Frameworks */,
			);
			runOnlyForDeploymentPostprocessing = 0;
		};
		3AF6CD242DAD6B1300A1045C /* Frameworks */ = {
			isa = PBXFrameworksBuildPhase;
			buildActionMask = 2147483647;
			files = (
				3AF6CD292DAD6B1400A1045C /* SwiftUI.framework in Frameworks */,
				3AF6CD282DAD6B1400A1045C /* WidgetKit.framework in Frameworks */,
			);
			runOnlyForDeploymentPostprocessing = 0;
		};
/* End PBXFrameworksBuildPhase section */

/* Begin PBXGroup section */
		3A1BCF352DAB9E5C00005FA5 /* Fonts */ = {
			isa = PBXGroup;
			children = (
				3AF6CD152DACD98500A1045C /* Amiri-Regular.ttf */,
				3A1BCF362DAB9E7700005FA5 /* ReemKufi.ttf */,
			);
			path = Fonts;
			sourceTree = "<group>";
		};
		3A94BBD22DAA096600EF3FCD = {
			isa = PBXGroup;
			children = (
				3AF6CD4A2DAD6B3F00A1045C /* NextPrayerWidgetExtension.entitlements */,
				3A94BC572DAAB27C00EF3FCD /* DailyPrayerTimesWidgetExtension.entitlements */,
				3A94BBEC2DAA0C1F00EF3FCD /* Arkan */,
				3A94BC4F2DAAA1EB00EF3FCD /* DailyPrayerTimesWidget */,
				3AF6CD432DAD6B2800A1045C /* NextPrayerWidget */,
				3A94BC302DAAA1DF00EF3FCD /* Frameworks */,
				3A94BBDC2DAA096600EF3FCD /* Products */,
			);
			sourceTree = "<group>";
		};
		3A94BBDC2DAA096600EF3FCD /* Products */ = {
			isa = PBXGroup;
			children = (
				3A94BBDB2DAA096600EF3FCD /* Arkan.app */,
				3A94BC2F2DAAA1DF00EF3FCD /* DailyPrayerTimesWidgetExtension.appex */,
				3AF6CD272DAD6B1300A1045C /* NextPrayerWidgetExtension.appex */,
			);
			name = Products;
			sourceTree = "<group>";
		};
		3A94BBEC2DAA0C1F00EF3FCD /* Arkan */ = {
			isa = PBXGroup;
			children = (
				3A1BCF2D2DAB799800005FA5 /* Info.plist */,
				3A94BC562DAAB22B00EF3FCD /* Arkan.entitlements */,
				3A94BBF72DAA0CF200EF3FCD /* App */,
				3A94BBF62DAA0CED00EF3FCD /* Screens */,
				3A94BBF02DAA0C2800EF3FCD /* Views */,
				3A94BBFC2DAA1E9E00EF3FCD /* Model */,
				3A94BBF52DAA0CE000EF3FCD /* Managers */,
				3A94BC222DAA7F5F00EF3FCD /* Utils */,
				3A94BBF42DAA0CD800EF3FCD /* Media */,
			);
			path = Arkan;
			sourceTree = "<group>";
		};
		3A94BBF02DAA0C2800EF3FCD /* Views */ = {
			isa = PBXGroup;
			children = (
				3A94BC1D2DAA446600EF3FCD /* Representables */,
				3A94BC0F2DAA2D1B00EF3FCD /* Others */,
				3A94BC122DAA3C9F00EF3FCD /* Cells */,
				3A94BBF12DAA0C3100EF3FCD /* Buttons */,
			);
			path = Views;
			sourceTree = "<group>";
		};
		3A94BBF12DAA0C3100EF3FCD /* Buttons */ = {
			isa = PBXGroup;
			children = (
				3A94BBF22DAA0C3900EF3FCD /* PlainIconButton.swift */,
				3A94BC192DAA3F2900EF3FCD /* MenuButton.swift */,
			);
			path = Buttons;
			sourceTree = "<group>";
		};
		3A94BBF42DAA0CD800EF3FCD /* Media */ = {
			isa = PBXGroup;
			children = (
				3A1BCF352DAB9E5C00005FA5 /* Fonts */,
				3A94BBEA2DAA0C1F00EF3FCD /* Assets.xcassets */,
			);
			path = Media;
			sourceTree = "<group>";
		};
		3A94BBF52DAA0CE000EF3FCD /* Managers */ = {
			isa = PBXGroup;
			children = (
				3A94BBFA2DAA0DA800EF3FCD /* NetworkManager.swift */,
				3A94BC662DAAB7E300EF3FCD /* PrayerTimesManager.swift */,
				3A1BCF2A2DAB76DE00005FA5 /* LocationFetcher.swift */,
				3AF6CD1A2DACFE2A00A1045C /* SwiftDataManager.swift */,
				3AF6CD1D2DAD419B00A1045C /* NotificationsManager.swift */,
			);
			path = Managers;
			sourceTree = "<group>";
		};
		3A94BBF62DAA0CED00EF3FCD /* Screens */ = {
			isa = PBXGroup;
			children = (
				3A94BBEB2DAA0C1F00EF3FCD /* ContentView.swift */,
				3A94BBF82DAA0D5D00EF3FCD /* OnboardingView.swift */,
				3A94BC1B2DAA440E00EF3FCD /* SettingsView.swift */,
				3AF6CD132DAC32BB00A1045C /* DedicationView.swift */,
			);
			path = Screens;
			sourceTree = "<group>";
		};
		3A94BBF72DAA0CF200EF3FCD /* App */ = {
			isa = PBXGroup;
			children = (
				3A94BBE92DAA0C1F00EF3FCD /* ArkanApp.swift */,
			);
			path = App;
			sourceTree = "<group>";
		};
		3A94BBFC2DAA1E9E00EF3FCD /* Model */ = {
			isa = PBXGroup;
			children = (
				3A94BBFF2DAA2BA700EF3FCD /* SwiftData */,
				3A94BC002DAA2BB800EF3FCD /* Decodables */,
			);
			path = Model;
			sourceTree = "<group>";
		};
		3A94BBFF2DAA2BA700EF3FCD /* SwiftData */ = {
			isa = PBXGroup;
			children = (
				3A94BC202DAA677800EF3FCD /* ArchivedPrayerTimesForGregorianYear.swift */,
				3AF6CD172DACDFB800A1045C /* ArchivedPrayerTimesForSpecificDate.swift */,
			);
			path = SwiftData;
			sourceTree = "<group>";
		};
		3A94BC002DAA2BB800EF3FCD /* Decodables */ = {
			isa = PBXGroup;
			children = (
				3A94BBFD2DAA1EBA00EF3FCD /* PrayerTimesForGregorianYearAPIResponse.swift */,
				3A70357B2DAB72E400F281F5 /* PrayerTimesForSpecificDateAPIResponse.swift */,
				3AF6CD202DAD449100A1045C /* PrayerTimesForSpecificPeriodAPIResponse.swift */,
				3A94BC012DAA2BD900EF3FCD /* PrayerTimesInfo.swift */,
				3A94BC032DAA2BF200EF3FCD /* PrayerTimes.swift */,
				3A94BC052DAA2BFF00EF3FCD /* DateInfo.swift */,
				3A94BC072DAA2C0A00EF3FCD /* GregorianDate.swift */,
				3A94BC092DAA2C1600EF3FCD /* HijriDate.swift */,
				3A94BC0B2DAA2C2200EF3FCD /* HijriWeekday.swift */,
				3A94BC0D2DAA2C3000EF3FCD /* HijriMonth.swift */,
				3A94BC152DAA3E8200EF3FCD /* MetaData.swift */,
				3A94BC172DAA3E9400EF3FCD /* MetaDataMethod.swift */,
			);
			path = Decodables;
			sourceTree = "<group>";
		};
		3A94BC0F2DAA2D1B00EF3FCD /* Others */ = {
			isa = PBXGroup;
			children = (
				3A94BC102DAA2D2900EF3FCD /* MainHeaderView.swift */,
			);
			path = Others;
			sourceTree = "<group>";
		};
		3A94BC122DAA3C9F00EF3FCD /* Cells */ = {
			isa = PBXGroup;
			children = (
				3A94BC132DAA3CA800EF3FCD /* PrayerTimeCell.swift */,
			);
			path = Cells;
			sourceTree = "<group>";
		};
		3A94BC1D2DAA446600EF3FCD /* Representables */ = {
			isa = PBXGroup;
			children = (
				3A94BC1E2DAA446D00EF3FCD /* MailComposeView.swift */,
			);
			path = Representables;
			sourceTree = "<group>";
		};
		3A94BC222DAA7F5F00EF3FCD /* Utils */ = {
			isa = PBXGroup;
			children = (
				3A94BC282DAA893300EF3FCD /* Ext */,
				3A94BC232DAA7F6700EF3FCD /* Enums */,
			);
			path = Utils;
			sourceTree = "<group>";
		};
		3A94BC232DAA7F6700EF3FCD /* Enums */ = {
			isa = PBXGroup;
			children = (
				3A94BC242DAA7F7200EF3FCD /* UDKey.swift */,
				3A94BC262DAA831300EF3FCD /* Prayer.swift */,
			);
			path = Enums;
			sourceTree = "<group>";
		};
		3A94BC282DAA893300EF3FCD /* Ext */ = {
			isa = PBXGroup;
			children = (
				3A94BC292DAA893E00EF3FCD /* Date+Ext.swift */,
				3AF6CD0C2DAC046D00A1045C /* UserDefaults+Ext.swift */,
			);
			path = Ext;
			sourceTree = "<group>";
		};
		3A94BC302DAAA1DF00EF3FCD /* Frameworks */ = {
			isa = PBXGroup;
			children = (
				3A94BC312DAAA1DF00EF3FCD /* WidgetKit.framework */,
				3A94BC332DAAA1DF00EF3FCD /* SwiftUI.framework */,
			);
			name = Frameworks;
			sourceTree = "<group>";
		};
		3A94BC4F2DAAA1EB00EF3FCD /* DailyPrayerTimesWidget */ = {
			isa = PBXGroup;
			children = (
				3A94BC492DAAA1EB00EF3FCD /* AppIntent.swift */,
				3A94BC4A2DAAA1EB00EF3FCD /* Assets.xcassets */,
				3A94BC4B2DAAA1EB00EF3FCD /* DailyPrayerTimesWidget.swift */,
				3A94BC4C2DAAA1EB00EF3FCD /* DailyPrayerTimesWidgetBundle.swift */,
				3A94BC4D2DAAA1EB00EF3FCD /* DailyPrayerTimesWidgetControl.swift */,
				3A94BC4E2DAAA1EB00EF3FCD /* Info.plist */,
				3AF6CD0F2DAC1B3E00A1045C /* PrayerTimeWidgetCell.swift */,
			);
			path = DailyPrayerTimesWidget;
			sourceTree = "<group>";
		};
		3AF6CD432DAD6B2800A1045C /* NextPrayerWidget */ = {
			isa = PBXGroup;
			children = (
				3AF6CD3E2DAD6B2800A1045C /* Assets.xcassets */,
				3AF6CD3F2DAD6B2800A1045C /* Info.plist */,
				3AF6CD402DAD6B2800A1045C /* NextPrayerWidget.swift */,
				3AF6CD412DAD6B2800A1045C /* NextPrayerWidgetBundle.swift */,
				3AF6CD422DAD6B2800A1045C /* NextPrayerWidgetControl.swift */,
				3AF6CD622DAD871C00A1045C /* NextPrayerTimeSmallWidgetView.swift */,
				3AF6CD642DAD96FF00A1045C /* NextPrayerTimeCircularWidgetView.swift */,
			);
			path = NextPrayerWidget;
			sourceTree = "<group>";
		};
/* End PBXGroup section */

/* Begin PBXNativeTarget section */
		3A94BBDA2DAA096600EF3FCD /* Arkan */ = {
			isa = PBXNativeTarget;
			buildConfigurationList = 3A94BBE62DAA096700EF3FCD /* Build configuration list for PBXNativeTarget "Arkan" */;
			buildPhases = (
				3A94BBD72DAA096600EF3FCD /* Sources */,
				3A94BBD82DAA096600EF3FCD /* Frameworks */,
				3A94BBD92DAA096600EF3FCD /* Resources */,
				3A94BC482DAAA1E100EF3FCD /* Embed Foundation Extensions */,
			);
			buildRules = (
			);
			dependencies = (
				3A94BC422DAAA1E100EF3FCD /* PBXTargetDependency */,
				3AF6CD372DAD6B1500A1045C /* PBXTargetDependency */,
			);
			name = Arkan;
			packageProductDependencies = (
			);
			productName = Arkan;
			productReference = 3A94BBDB2DAA096600EF3FCD /* Arkan.app */;
			productType = "com.apple.product-type.application";
		};
		3A94BC2E2DAAA1DF00EF3FCD /* DailyPrayerTimesWidgetExtension */ = {
			isa = PBXNativeTarget;
			buildConfigurationList = 3A94BC452DAAA1E100EF3FCD /* Build configuration list for PBXNativeTarget "DailyPrayerTimesWidgetExtension" */;
			buildPhases = (
				3A94BC2B2DAAA1DF00EF3FCD /* Sources */,
				3A94BC2C2DAAA1DF00EF3FCD /* Frameworks */,
				3A94BC2D2DAAA1DF00EF3FCD /* Resources */,
			);
			buildRules = (
			);
			dependencies = (
			);
			name = DailyPrayerTimesWidgetExtension;
			packageProductDependencies = (
			);
			productName = DailyPrayerTimesWidgetExtension;
			productReference = 3A94BC2F2DAAA1DF00EF3FCD /* DailyPrayerTimesWidgetExtension.appex */;
			productType = "com.apple.product-type.app-extension";
		};
		3AF6CD262DAD6B1300A1045C /* NextPrayerWidgetExtension */ = {
			isa = PBXNativeTarget;
			buildConfigurationList = 3AF6CD3A2DAD6B1500A1045C /* Build configuration list for PBXNativeTarget "NextPrayerWidgetExtension" */;
			buildPhases = (
				3AF6CD232DAD6B1300A1045C /* Sources */,
				3AF6CD242DAD6B1300A1045C /* Frameworks */,
				3AF6CD252DAD6B1300A1045C /* Resources */,
			);
			buildRules = (
			);
			dependencies = (
			);
			name = NextPrayerWidgetExtension;
			packageProductDependencies = (
			);
			productName = NextPrayerWidgetExtension;
			productReference = 3AF6CD272DAD6B1300A1045C /* NextPrayerWidgetExtension.appex */;
			productType = "com.apple.product-type.app-extension";
		};
/* End PBXNativeTarget section */

/* Begin PBXProject section */
		3A94BBD32DAA096600EF3FCD /* Project object */ = {
			isa = PBXProject;
			attributes = {
				BuildIndependentTargetsInParallel = 1;
				LastSwiftUpdateCheck = 1630;
				LastUpgradeCheck = 1630;
				TargetAttributes = {
					3A94BBDA2DAA096600EF3FCD = {
						CreatedOnToolsVersion = 16.3;
					};
					3A94BC2E2DAAA1DF00EF3FCD = {
						CreatedOnToolsVersion = 16.3;
					};
					3AF6CD262DAD6B1300A1045C = {
						CreatedOnToolsVersion = 16.3;
					};
				};
			};
			buildConfigurationList = 3A94BBD62DAA096600EF3FCD /* Build configuration list for PBXProject "Arkan" */;
			developmentRegion = en;
			hasScannedForEncodings = 0;
			knownRegions = (
				en,
				Base,
			);
			mainGroup = 3A94BBD22DAA096600EF3FCD;
			minimizedProjectReferenceProxies = 1;
			preferredProjectObjectVersion = 77;
			productRefGroup = 3A94BBDC2DAA096600EF3FCD /* Products */;
			projectDirPath = "";
			projectRoot = "";
			targets = (
				3A94BBDA2DAA096600EF3FCD /* Arkan */,
				3A94BC2E2DAAA1DF00EF3FCD /* DailyPrayerTimesWidgetExtension */,
				3AF6CD262DAD6B1300A1045C /* NextPrayerWidgetExtension */,
			);
		};
/* End PBXProject section */

/* Begin PBXResourcesBuildPhase section */
		3A94BBD92DAA096600EF3FCD /* Resources */ = {
			isa = PBXResourcesBuildPhase;
			buildActionMask = 2147483647;
			files = (
				3A1BCF372DAB9E7700005FA5 /* ReemKufi.ttf in Resources */,
				3A94BBEF2DAA0C1F00EF3FCD /* Assets.xcassets in Resources */,
				3AF6CD162DACD98500A1045C /* Amiri-Regular.ttf in Resources */,
			);
			runOnlyForDeploymentPostprocessing = 0;
		};
		3A94BC2D2DAAA1DF00EF3FCD /* Resources */ = {
			isa = PBXResourcesBuildPhase;
			buildActionMask = 2147483647;
			files = (
				3A94BC542DAAA1EB00EF3FCD /* Assets.xcassets in Resources */,
			);
			runOnlyForDeploymentPostprocessing = 0;
		};
		3AF6CD252DAD6B1300A1045C /* Resources */ = {
			isa = PBXResourcesBuildPhase;
			buildActionMask = 2147483647;
			files = (
				3AF6CD442DAD6B2800A1045C /* Assets.xcassets in Resources */,
			);
			runOnlyForDeploymentPostprocessing = 0;
		};
/* End PBXResourcesBuildPhase section */

/* Begin PBXSourcesBuildPhase section */
		3A94BBD72DAA096600EF3FCD /* Sources */ = {
			isa = PBXSourcesBuildPhase;
			buildActionMask = 2147483647;
			files = (
				3A94BC0A2DAA2C1600EF3FCD /* HijriDate.swift in Sources */,
				3A94BBED2DAA0C1F00EF3FCD /* ArkanApp.swift in Sources */,
				3A94BBFE2DAA1EBA00EF3FCD /* PrayerTimesForGregorianYearAPIResponse.swift in Sources */,
				3A94BC2A2DAA893E00EF3FCD /* Date+Ext.swift in Sources */,
				3A94BC112DAA2D2900EF3FCD /* MainHeaderView.swift in Sources */,
				3AF6CD192DACDFB800A1045C /* ArchivedPrayerTimesForSpecificDate.swift in Sources */,
				3A94BC212DAA677800EF3FCD /* ArchivedPrayerTimesForGregorianYear.swift in Sources */,
				3A94BC1F2DAA446D00EF3FCD /* MailComposeView.swift in Sources */,
				3A94BC252DAA7F7200EF3FCD /* UDKey.swift in Sources */,
				3AF6CD142DAC32BB00A1045C /* DedicationView.swift in Sources */,
				3A70357C2DAB72E400F281F5 /* PrayerTimesForSpecificDateAPIResponse.swift in Sources */,
				3A94BC082DAA2C0A00EF3FCD /* GregorianDate.swift in Sources */,
				3A94BBF92DAA0D5D00EF3FCD /* OnboardingView.swift in Sources */,
				3A94BC042DAA2BF200EF3FCD /* PrayerTimes.swift in Sources */,
				3A94BC062DAA2BFF00EF3FCD /* DateInfo.swift in Sources */,
				3AF6CD112DAC1B3E00A1045C /* PrayerTimeWidgetCell.swift in Sources */,
				3A94BBFB2DAA0DA800EF3FCD /* NetworkManager.swift in Sources */,
				3A94BBF32DAA0C3900EF3FCD /* PlainIconButton.swift in Sources */,
				3A94BC272DAA831300EF3FCD /* Prayer.swift in Sources */,
				3AF6CD1C2DACFE2A00A1045C /* SwiftDataManager.swift in Sources */,
				3A94BC672DAAB7E300EF3FCD /* PrayerTimesManager.swift in Sources */,
				3A94BC162DAA3E8200EF3FCD /* MetaData.swift in Sources */,
				3A94BC142DAA3CA800EF3FCD /* PrayerTimeCell.swift in Sources */,
				3A94BC0C2DAA2C2200EF3FCD /* HijriWeekday.swift in Sources */,
				3AF6CD222DAD449100A1045C /* PrayerTimesForSpecificPeriodAPIResponse.swift in Sources */,
				3AF6CD0E2DAC046D00A1045C /* UserDefaults+Ext.swift in Sources */,
				3A94BC022DAA2BD900EF3FCD /* PrayerTimesInfo.swift in Sources */,
				3AF6CD1F2DAD419B00A1045C /* NotificationsManager.swift in Sources */,
				3A94BC1A2DAA3F2900EF3FCD /* MenuButton.swift in Sources */,
				3A94BC182DAA3E9400EF3FCD /* MetaDataMethod.swift in Sources */,
				3A94BBEE2DAA0C1F00EF3FCD /* ContentView.swift in Sources */,
				3A94BC0E2DAA2C3000EF3FCD /* HijriMonth.swift in Sources */,
				3A94BC1C2DAA440E00EF3FCD /* SettingsView.swift in Sources */,
				3A1BCF2C2DAB76DE00005FA5 /* LocationFetcher.swift in Sources */,
			);
			runOnlyForDeploymentPostprocessing = 0;
		};
		3A94BC2B2DAAA1DF00EF3FCD /* Sources */ = {
			isa = PBXSourcesBuildPhase;
			buildActionMask = 2147483647;
			files = (
				3A94BC6A2DAABCB900EF3FCD /* PrayerTimeCell.swift in Sources */,
				3A94BC682DAABCA000EF3FCD /* NetworkManager.swift in Sources */,
				3A94BC5E2DAAB57400EF3FCD /* HijriDate.swift in Sources */,
				3AF6CD182DACDFB800A1045C /* ArchivedPrayerTimesForSpecificDate.swift in Sources */,
				3A94BC502DAAA1EB00EF3FCD /* AppIntent.swift in Sources */,
				3A94BC5B2DAAB56400EF3FCD /* PrayerTimes.swift in Sources */,
				3AF6CD1B2DACFE2A00A1045C /* SwiftDataManager.swift in Sources */,
				3A94BC5D2DAAB56E00EF3FCD /* GregorianDate.swift in Sources */,
				3A94BC5A2DAAB55F00EF3FCD /* PrayerTimesInfo.swift in Sources */,
				3A94BC642DAAB59C00EF3FCD /* UDKey.swift in Sources */,
				3A94BC512DAAA1EB00EF3FCD /* DailyPrayerTimesWidget.swift in Sources */,
				3A94BC612DAAB58300EF3FCD /* MetaData.swift in Sources */,
				3A94BC5C2DAAB56800EF3FCD /* DateInfo.swift in Sources */,
				3AF6CD212DAD449100A1045C /* PrayerTimesForSpecificPeriodAPIResponse.swift in Sources */,
				3A94BC652DAAB5D600EF3FCD /* Date+Ext.swift in Sources */,
				3A94BC522DAAA1EB00EF3FCD /* DailyPrayerTimesWidgetBundle.swift in Sources */,
				3A94BC592DAAB55B00EF3FCD /* PrayerTimesForGregorianYearAPIResponse.swift in Sources */,
				3A70357D2DAB72E400F281F5 /* PrayerTimesForSpecificDateAPIResponse.swift in Sources */,
				3A94BC632DAAB59700EF3FCD /* Prayer.swift in Sources */,
				3A94BC5F2DAAB57900EF3FCD /* HijriWeekday.swift in Sources */,
				3A94BC692DAABCA500EF3FCD /* PrayerTimesManager.swift in Sources */,
				3A94BC622DAAB58800EF3FCD /* MetaDataMethod.swift in Sources */,
				3A1BCF2B2DAB76DE00005FA5 /* LocationFetcher.swift in Sources */,
				3AF6CD1E2DAD419B00A1045C /* NotificationsManager.swift in Sources */,
				3AF6CD0D2DAC046D00A1045C /* UserDefaults+Ext.swift in Sources */,
				3A94BC532DAAA1EB00EF3FCD /* DailyPrayerTimesWidgetControl.swift in Sources */,
				3A94BC582DAAB54600EF3FCD /* ArchivedPrayerTimesForGregorianYear.swift in Sources */,
				3A94BC602DAAB57E00EF3FCD /* HijriMonth.swift in Sources */,
				3AF6CD102DAC1B3E00A1045C /* PrayerTimeWidgetCell.swift in Sources */,
			);
			runOnlyForDeploymentPostprocessing = 0;
		};
		3AF6CD232DAD6B1300A1045C /* Sources */ = {
			isa = PBXSourcesBuildPhase;
			buildActionMask = 2147483647;
			files = (
				3AF6CD532DAD832900A1045C /* PrayerTimesForGregorianYearAPIResponse.swift in Sources */,
				3AF6CD562DAD833900A1045C /* PrayerTimesInfo.swift in Sources */,
				3AF6CD5F2DAD837400A1045C /* UDKey.swift in Sources */,
				3AF6CD5A2DAD834C00A1045C /* HijriDate.swift in Sources */,
				3AF6CD4B2DAD823D00A1045C /* Prayer.swift in Sources */,
				3AF6CD4E2DAD830700A1045C /* LocationFetcher.swift in Sources */,
				3AF6CD652DAD96FF00A1045C /* NextPrayerTimeCircularWidgetView.swift in Sources */,
				3AF6CD472DAD6B2800A1045C /* NextPrayerWidget.swift in Sources */,
				3AF6CD512DAD831E00A1045C /* ArchivedPrayerTimesForGregorianYear.swift in Sources */,
				3AF6CD632DAD871C00A1045C /* NextPrayerTimeSmallWidgetView.swift in Sources */,
				3AF6CD522DAD832200A1045C /* ArchivedPrayerTimesForSpecificDate.swift in Sources */,
				3AF6CD4D2DAD830200A1045C /* NetworkManager.swift in Sources */,
				3AF6CD572DAD833E00A1045C /* PrayerTimes.swift in Sources */,
				3AF6CD4C2DAD82ED00A1045C /* PrayerTimesManager.swift in Sources */,
				3AF6CD4F2DAD830D00A1045C /* SwiftDataManager.swift in Sources */,
				3AF6CD612DAD838000A1045C /* UserDefaults+Ext.swift in Sources */,
				3AF6CD482DAD6B2800A1045C /* NextPrayerWidgetBundle.swift in Sources */,
				3AF6CD602DAD837B00A1045C /* Date+Ext.swift in Sources */,
				3AF6CD582DAD834200A1045C /* DateInfo.swift in Sources */,
				3AF6CD5B2DAD835100A1045C /* HijriWeekday.swift in Sources */,
				3AF6CD5D2DAD835C00A1045C /* MetaData.swift in Sources */,
				3AF6CD5E2DAD836000A1045C /* MetaDataMethod.swift in Sources */,
				3AF6CD592DAD834700A1045C /* GregorianDate.swift in Sources */,
				3AF6CD5C2DAD835600A1045C /* HijriMonth.swift in Sources */,
				3AF6CD552DAD833300A1045C /* PrayerTimesForSpecificPeriodAPIResponse.swift in Sources */,
				3AF6CD502DAD831200A1045C /* NotificationsManager.swift in Sources */,
				3AF6CD492DAD6B2800A1045C /* NextPrayerWidgetControl.swift in Sources */,
				3AF6CD542DAD832F00A1045C /* PrayerTimesForSpecificDateAPIResponse.swift in Sources */,
			);
			runOnlyForDeploymentPostprocessing = 0;
		};
/* End PBXSourcesBuildPhase section */

/* Begin PBXTargetDependency section */
		3A94BC422DAAA1E100EF3FCD /* PBXTargetDependency */ = {
			isa = PBXTargetDependency;
			target = 3A94BC2E2DAAA1DF00EF3FCD /* DailyPrayerTimesWidgetExtension */;
			targetProxy = 3A94BC412DAAA1E100EF3FCD /* PBXContainerItemProxy */;
		};
		3AF6CD372DAD6B1500A1045C /* PBXTargetDependency */ = {
			isa = PBXTargetDependency;
			target = 3AF6CD262DAD6B1300A1045C /* NextPrayerWidgetExtension */;
			targetProxy = 3AF6CD362DAD6B1500A1045C /* PBXContainerItemProxy */;
		};
/* End PBXTargetDependency section */

/* Begin XCBuildConfiguration section */
		3A94BBE42DAA096600EF3FCD /* Debug */ = {
			isa = XCBuildConfiguration;
			buildSettings = {
				ALWAYS_SEARCH_USER_PATHS = NO;
				ASSETCATALOG_COMPILER_GENERATE_SWIFT_ASSET_SYMBOL_EXTENSIONS = YES;
				CLANG_ANALYZER_NONNULL = YES;
				CLANG_ANALYZER_NUMBER_OBJECT_CONVERSION = YES_AGGRESSIVE;
				CLANG_CXX_LANGUAGE_STANDARD = "gnu++20";
				CLANG_ENABLE_MODULES = YES;
				CLANG_ENABLE_OBJC_ARC = YES;
				CLANG_ENABLE_OBJC_WEAK = YES;
				CLANG_WARN_BLOCK_CAPTURE_AUTORELEASING = YES;
				CLANG_WARN_BOOL_CONVERSION = YES;
				CLANG_WARN_COMMA = YES;
				CLANG_WARN_CONSTANT_CONVERSION = YES;
				CLANG_WARN_DEPRECATED_OBJC_IMPLEMENTATIONS = YES;
				CLANG_WARN_DIRECT_OBJC_ISA_USAGE = YES_ERROR;
				CLANG_WARN_DOCUMENTATION_COMMENTS = YES;
				CLANG_WARN_EMPTY_BODY = YES;
				CLANG_WARN_ENUM_CONVERSION = YES;
				CLANG_WARN_INFINITE_RECURSION = YES;
				CLANG_WARN_INT_CONVERSION = YES;
				CLANG_WARN_NON_LITERAL_NULL_CONVERSION = YES;
				CLANG_WARN_OBJC_IMPLICIT_RETAIN_SELF = YES;
				CLANG_WARN_OBJC_LITERAL_CONVERSION = YES;
				CLANG_WARN_OBJC_ROOT_CLASS = YES_ERROR;
				CLANG_WARN_QUOTED_INCLUDE_IN_FRAMEWORK_HEADER = YES;
				CLANG_WARN_RANGE_LOOP_ANALYSIS = YES;
				CLANG_WARN_STRICT_PROTOTYPES = YES;
				CLANG_WARN_SUSPICIOUS_MOVE = YES;
				CLANG_WARN_UNGUARDED_AVAILABILITY = YES_AGGRESSIVE;
				CLANG_WARN_UNREACHABLE_CODE = YES;
				CLANG_WARN__DUPLICATE_METHOD_MATCH = YES;
				COPY_PHASE_STRIP = NO;
				DEBUG_INFORMATION_FORMAT = dwarf;
				DEVELOPMENT_TEAM = 6TNKUF97WJ;
				ENABLE_STRICT_OBJC_MSGSEND = YES;
				ENABLE_TESTABILITY = YES;
				ENABLE_USER_SCRIPT_SANDBOXING = YES;
				GCC_C_LANGUAGE_STANDARD = gnu17;
				GCC_DYNAMIC_NO_PIC = NO;
				GCC_NO_COMMON_BLOCKS = YES;
				GCC_OPTIMIZATION_LEVEL = 0;
				GCC_PREPROCESSOR_DEFINITIONS = (
					"DEBUG=1",
					"$(inherited)",
				);
				GCC_WARN_64_TO_32_BIT_CONVERSION = YES;
				GCC_WARN_ABOUT_RETURN_TYPE = YES_ERROR;
				GCC_WARN_UNDECLARED_SELECTOR = YES;
				GCC_WARN_UNINITIALIZED_AUTOS = YES_AGGRESSIVE;
				GCC_WARN_UNUSED_FUNCTION = YES;
				GCC_WARN_UNUSED_VARIABLE = YES;
				IPHONEOS_DEPLOYMENT_TARGET = 18.4;
				LOCALIZATION_PREFERS_STRING_CATALOGS = YES;
				MTL_ENABLE_DEBUG_INFO = INCLUDE_SOURCE;
				MTL_FAST_MATH = YES;
				ONLY_ACTIVE_ARCH = YES;
				SDKROOT = iphoneos;
				SWIFT_ACTIVE_COMPILATION_CONDITIONS = "DEBUG $(inherited)";
				SWIFT_OPTIMIZATION_LEVEL = "-Onone";
			};
			name = Debug;
		};
		3A94BBE52DAA096600EF3FCD /* Release */ = {
			isa = XCBuildConfiguration;
			buildSettings = {
				ALWAYS_SEARCH_USER_PATHS = NO;
				ASSETCATALOG_COMPILER_GENERATE_SWIFT_ASSET_SYMBOL_EXTENSIONS = YES;
				CLANG_ANALYZER_NONNULL = YES;
				CLANG_ANALYZER_NUMBER_OBJECT_CONVERSION = YES_AGGRESSIVE;
				CLANG_CXX_LANGUAGE_STANDARD = "gnu++20";
				CLANG_ENABLE_MODULES = YES;
				CLANG_ENABLE_OBJC_ARC = YES;
				CLANG_ENABLE_OBJC_WEAK = YES;
				CLANG_WARN_BLOCK_CAPTURE_AUTORELEASING = YES;
				CLANG_WARN_BOOL_CONVERSION = YES;
				CLANG_WARN_COMMA = YES;
				CLANG_WARN_CONSTANT_CONVERSION = YES;
				CLANG_WARN_DEPRECATED_OBJC_IMPLEMENTATIONS = YES;
				CLANG_WARN_DIRECT_OBJC_ISA_USAGE = YES_ERROR;
				CLANG_WARN_DOCUMENTATION_COMMENTS = YES;
				CLANG_WARN_EMPTY_BODY = YES;
				CLANG_WARN_ENUM_CONVERSION = YES;
				CLANG_WARN_INFINITE_RECURSION = YES;
				CLANG_WARN_INT_CONVERSION = YES;
				CLANG_WARN_NON_LITERAL_NULL_CONVERSION = YES;
				CLANG_WARN_OBJC_IMPLICIT_RETAIN_SELF = YES;
				CLANG_WARN_OBJC_LITERAL_CONVERSION = YES;
				CLANG_WARN_OBJC_ROOT_CLASS = YES_ERROR;
				CLANG_WARN_QUOTED_INCLUDE_IN_FRAMEWORK_HEADER = YES;
				CLANG_WARN_RANGE_LOOP_ANALYSIS = YES;
				CLANG_WARN_STRICT_PROTOTYPES = YES;
				CLANG_WARN_SUSPICIOUS_MOVE = YES;
				CLANG_WARN_UNGUARDED_AVAILABILITY = YES_AGGRESSIVE;
				CLANG_WARN_UNREACHABLE_CODE = YES;
				CLANG_WARN__DUPLICATE_METHOD_MATCH = YES;
				COPY_PHASE_STRIP = NO;
				DEBUG_INFORMATION_FORMAT = "dwarf-with-dsym";
				DEVELOPMENT_TEAM = 6TNKUF97WJ;
				ENABLE_NS_ASSERTIONS = NO;
				ENABLE_STRICT_OBJC_MSGSEND = YES;
				ENABLE_USER_SCRIPT_SANDBOXING = YES;
				GCC_C_LANGUAGE_STANDARD = gnu17;
				GCC_NO_COMMON_BLOCKS = YES;
				GCC_WARN_64_TO_32_BIT_CONVERSION = YES;
				GCC_WARN_ABOUT_RETURN_TYPE = YES_ERROR;
				GCC_WARN_UNDECLARED_SELECTOR = YES;
				GCC_WARN_UNINITIALIZED_AUTOS = YES_AGGRESSIVE;
				GCC_WARN_UNUSED_FUNCTION = YES;
				GCC_WARN_UNUSED_VARIABLE = YES;
				IPHONEOS_DEPLOYMENT_TARGET = 18.4;
				LOCALIZATION_PREFERS_STRING_CATALOGS = YES;
				MTL_ENABLE_DEBUG_INFO = NO;
				MTL_FAST_MATH = YES;
				SDKROOT = iphoneos;
				SWIFT_COMPILATION_MODE = wholemodule;
				VALIDATE_PRODUCT = YES;
			};
			name = Release;
		};
		3A94BBE72DAA096700EF3FCD /* Debug */ = {
			isa = XCBuildConfiguration;
			buildSettings = {
				ASSETCATALOG_COMPILER_APPICON_NAME = AppIcon;
				ASSETCATALOG_COMPILER_GLOBAL_ACCENT_COLOR_NAME = AccentColor;
				CODE_SIGN_ENTITLEMENTS = Arkan/Arkan.entitlements;
				CODE_SIGN_STYLE = Automatic;
				CURRENT_PROJECT_VERSION = 1;
				DEVELOPMENT_TEAM = 6TNKUF97WJ;
				ENABLE_PREVIEWS = YES;
				GENERATE_INFOPLIST_FILE = YES;
				INFOPLIST_FILE = Arkan/Info.plist;
				INFOPLIST_KEY_CFBundleDisplayName = Arkan;
				INFOPLIST_KEY_LSApplicationCategoryType = "public.app-category.lifestyle";
				INFOPLIST_KEY_NSLocationWhenInUseUsageDescription = "We need your location to show accurate prayer times.";
				INFOPLIST_KEY_UIApplicationSceneManifest_Generation = YES;
				INFOPLIST_KEY_UIApplicationSupportsIndirectInputEvents = YES;
				INFOPLIST_KEY_UILaunchScreen_Generation = YES;
				INFOPLIST_KEY_UISupportedInterfaceOrientations = UIInterfaceOrientationPortrait;
				INFOPLIST_KEY_UISupportedInterfaceOrientations_iPad = "UIInterfaceOrientationLandscapeLeft UIInterfaceOrientationLandscapeRight UIInterfaceOrientationPortrait UIInterfaceOrientationPortraitUpsideDown";
				IPHONEOS_DEPLOYMENT_TARGET = 17.0;
				LD_RUNPATH_SEARCH_PATHS = (
					"$(inherited)",
					"@executable_path/Frameworks",
				);
				MARKETING_VERSION = 1.0;
				PRODUCT_BUNDLE_IDENTIFIER = com.BasheerTheSWE.Arkan;
				PRODUCT_NAME = "$(TARGET_NAME)";
				SUPPORTED_PLATFORMS = "iphoneos iphonesimulator";
				SUPPORTS_MACCATALYST = NO;
				SUPPORTS_MAC_DESIGNED_FOR_IPHONE_IPAD = NO;
				SUPPORTS_XR_DESIGNED_FOR_IPHONE_IPAD = NO;
				SWIFT_EMIT_LOC_STRINGS = YES;
				SWIFT_VERSION = 5.0;
				TARGETED_DEVICE_FAMILY = 1;
			};
			name = Debug;
		};
		3A94BBE82DAA096700EF3FCD /* Release */ = {
			isa = XCBuildConfiguration;
			buildSettings = {
				ASSETCATALOG_COMPILER_APPICON_NAME = AppIcon;
				ASSETCATALOG_COMPILER_GLOBAL_ACCENT_COLOR_NAME = AccentColor;
				CODE_SIGN_ENTITLEMENTS = Arkan/Arkan.entitlements;
				CODE_SIGN_STYLE = Automatic;
				CURRENT_PROJECT_VERSION = 1;
				DEVELOPMENT_TEAM = 6TNKUF97WJ;
				ENABLE_PREVIEWS = YES;
				GENERATE_INFOPLIST_FILE = YES;
				INFOPLIST_FILE = Arkan/Info.plist;
				INFOPLIST_KEY_CFBundleDisplayName = Arkan;
				INFOPLIST_KEY_LSApplicationCategoryType = "public.app-category.lifestyle";
				INFOPLIST_KEY_NSLocationWhenInUseUsageDescription = "We need your location to show accurate prayer times.";
				INFOPLIST_KEY_UIApplicationSceneManifest_Generation = YES;
				INFOPLIST_KEY_UIApplicationSupportsIndirectInputEvents = YES;
				INFOPLIST_KEY_UILaunchScreen_Generation = YES;
				INFOPLIST_KEY_UISupportedInterfaceOrientations = UIInterfaceOrientationPortrait;
				INFOPLIST_KEY_UISupportedInterfaceOrientations_iPad = "UIInterfaceOrientationLandscapeLeft UIInterfaceOrientationLandscapeRight UIInterfaceOrientationPortrait UIInterfaceOrientationPortraitUpsideDown";
				IPHONEOS_DEPLOYMENT_TARGET = 17.0;
				LD_RUNPATH_SEARCH_PATHS = (
					"$(inherited)",
					"@executable_path/Frameworks",
				);
				MARKETING_VERSION = 1.0;
				PRODUCT_BUNDLE_IDENTIFIER = com.BasheerTheSWE.Arkan;
				PRODUCT_NAME = "$(TARGET_NAME)";
				SUPPORTED_PLATFORMS = "iphoneos iphonesimulator";
				SUPPORTS_MACCATALYST = NO;
				SUPPORTS_MAC_DESIGNED_FOR_IPHONE_IPAD = NO;
				SUPPORTS_XR_DESIGNED_FOR_IPHONE_IPAD = NO;
				SWIFT_EMIT_LOC_STRINGS = YES;
				SWIFT_VERSION = 5.0;
				TARGETED_DEVICE_FAMILY = 1;
			};
			name = Release;
		};
		3A94BC462DAAA1E100EF3FCD /* Debug */ = {
			isa = XCBuildConfiguration;
			buildSettings = {
				ASSETCATALOG_COMPILER_GLOBAL_ACCENT_COLOR_NAME = AccentColor;
				ASSETCATALOG_COMPILER_WIDGET_BACKGROUND_COLOR_NAME = WidgetBackground;
				CODE_SIGN_ENTITLEMENTS = DailyPrayerTimesWidgetExtension.entitlements;
				CODE_SIGN_STYLE = Automatic;
				CURRENT_PROJECT_VERSION = 1;
				DEVELOPMENT_ASSET_PATHS = "";
				DEVELOPMENT_TEAM = 6TNKUF97WJ;
				GENERATE_INFOPLIST_FILE = YES;
				INFOPLIST_FILE = DailyPrayerTimesWidget/Info.plist;
				INFOPLIST_KEY_CFBundleDisplayName = "Daily Prayer Times";
				INFOPLIST_KEY_NSHumanReadableCopyright = "";
				IPHONEOS_DEPLOYMENT_TARGET = 18.0;
				LD_RUNPATH_SEARCH_PATHS = (
					"$(inherited)",
					"@executable_path/Frameworks",
					"@executable_path/../../Frameworks",
				);
				MARKETING_VERSION = 1.0;
				PRODUCT_BUNDLE_IDENTIFIER = com.BasheerTheSWE.Arkan.DailyPrayerTimesWidget;
				PRODUCT_NAME = "$(TARGET_NAME)";
				SKIP_INSTALL = YES;
				SWIFT_EMIT_LOC_STRINGS = YES;
				SWIFT_VERSION = 5.0;
				TARGETED_DEVICE_FAMILY = "1,2";
			};
			name = Debug;
		};
		3A94BC472DAAA1E100EF3FCD /* Release */ = {
			isa = XCBuildConfiguration;
			buildSettings = {
				ASSETCATALOG_COMPILER_GLOBAL_ACCENT_COLOR_NAME = AccentColor;
				ASSETCATALOG_COMPILER_WIDGET_BACKGROUND_COLOR_NAME = WidgetBackground;
				CODE_SIGN_ENTITLEMENTS = DailyPrayerTimesWidgetExtension.entitlements;
				CODE_SIGN_STYLE = Automatic;
				CURRENT_PROJECT_VERSION = 1;
				DEVELOPMENT_ASSET_PATHS = "";
				DEVELOPMENT_TEAM = 6TNKUF97WJ;
				GENERATE_INFOPLIST_FILE = YES;
				INFOPLIST_FILE = DailyPrayerTimesWidget/Info.plist;
				INFOPLIST_KEY_CFBundleDisplayName = "Daily Prayer Times";
				INFOPLIST_KEY_NSHumanReadableCopyright = "";
				IPHONEOS_DEPLOYMENT_TARGET = 18.0;
				LD_RUNPATH_SEARCH_PATHS = (
					"$(inherited)",
					"@executable_path/Frameworks",
					"@executable_path/../../Frameworks",
				);
				MARKETING_VERSION = 1.0;
				PRODUCT_BUNDLE_IDENTIFIER = com.BasheerTheSWE.Arkan.DailyPrayerTimesWidget;
				PRODUCT_NAME = "$(TARGET_NAME)";
				SKIP_INSTALL = YES;
				SWIFT_EMIT_LOC_STRINGS = YES;
				SWIFT_VERSION = 5.0;
				TARGETED_DEVICE_FAMILY = "1,2";
			};
			name = Release;
		};
		3AF6CD3B2DAD6B1500A1045C /* Debug */ = {
			isa = XCBuildConfiguration;
			buildSettings = {
				ASSETCATALOG_COMPILER_GLOBAL_ACCENT_COLOR_NAME = AccentColor;
				ASSETCATALOG_COMPILER_WIDGET_BACKGROUND_COLOR_NAME = WidgetBackground;
				CODE_SIGN_ENTITLEMENTS = NextPrayerWidgetExtension.entitlements;
				CODE_SIGN_STYLE = Automatic;
				CURRENT_PROJECT_VERSION = 1;
				DEVELOPMENT_TEAM = 6TNKUF97WJ;
				GENERATE_INFOPLIST_FILE = YES;
				INFOPLIST_FILE = NextPrayerWidget/Info.plist;
				INFOPLIST_KEY_CFBundleDisplayName = NextPrayerWidget;
				INFOPLIST_KEY_NSHumanReadableCopyright = "";
				IPHONEOS_DEPLOYMENT_TARGET = 18.0;
				LD_RUNPATH_SEARCH_PATHS = (
					"$(inherited)",
					"@executable_path/Frameworks",
					"@executable_path/../../Frameworks",
				);
				MARKETING_VERSION = 1.0;
				PRODUCT_BUNDLE_IDENTIFIER = com.BasheerTheSWE.Arkan.NextPrayerWidget;
				PRODUCT_NAME = "$(TARGET_NAME)";
				SKIP_INSTALL = YES;
				SWIFT_EMIT_LOC_STRINGS = YES;
				SWIFT_VERSION = 5.0;
				TARGETED_DEVICE_FAMILY = "1,2";
			};
			name = Debug;
		};
		3AF6CD3C2DAD6B1500A1045C /* Release */ = {
			isa = XCBuildConfiguration;
			buildSettings = {
				ASSETCATALOG_COMPILER_GLOBAL_ACCENT_COLOR_NAME = AccentColor;
				ASSETCATALOG_COMPILER_WIDGET_BACKGROUND_COLOR_NAME = WidgetBackground;
				CODE_SIGN_ENTITLEMENTS = NextPrayerWidgetExtension.entitlements;
				CODE_SIGN_STYLE = Automatic;
				CURRENT_PROJECT_VERSION = 1;
				DEVELOPMENT_TEAM = 6TNKUF97WJ;
				GENERATE_INFOPLIST_FILE = YES;
				INFOPLIST_FILE = NextPrayerWidget/Info.plist;
				INFOPLIST_KEY_CFBundleDisplayName = NextPrayerWidget;
				INFOPLIST_KEY_NSHumanReadableCopyright = "";
				IPHONEOS_DEPLOYMENT_TARGET = 18.0;
				LD_RUNPATH_SEARCH_PATHS = (
					"$(inherited)",
					"@executable_path/Frameworks",
					"@executable_path/../../Frameworks",
				);
				MARKETING_VERSION = 1.0;
				PRODUCT_BUNDLE_IDENTIFIER = com.BasheerTheSWE.Arkan.NextPrayerWidget;
				PRODUCT_NAME = "$(TARGET_NAME)";
				SKIP_INSTALL = YES;
				SWIFT_EMIT_LOC_STRINGS = YES;
				SWIFT_VERSION = 5.0;
				TARGETED_DEVICE_FAMILY = "1,2";
			};
			name = Release;
		};
/* End XCBuildConfiguration section */

/* Begin XCConfigurationList section */
		3A94BBD62DAA096600EF3FCD /* Build configuration list for PBXProject "Arkan" */ = {
			isa = XCConfigurationList;
			buildConfigurations = (
				3A94BBE42DAA096600EF3FCD /* Debug */,
				3A94BBE52DAA096600EF3FCD /* Release */,
			);
			defaultConfigurationIsVisible = 0;
			defaultConfigurationName = Release;
		};
		3A94BBE62DAA096700EF3FCD /* Build configuration list for PBXNativeTarget "Arkan" */ = {
			isa = XCConfigurationList;
			buildConfigurations = (
				3A94BBE72DAA096700EF3FCD /* Debug */,
				3A94BBE82DAA096700EF3FCD /* Release */,
			);
			defaultConfigurationIsVisible = 0;
			defaultConfigurationName = Release;
		};
		3A94BC452DAAA1E100EF3FCD /* Build configuration list for PBXNativeTarget "DailyPrayerTimesWidgetExtension" */ = {
			isa = XCConfigurationList;
			buildConfigurations = (
				3A94BC462DAAA1E100EF3FCD /* Debug */,
				3A94BC472DAAA1E100EF3FCD /* Release */,
			);
			defaultConfigurationIsVisible = 0;
			defaultConfigurationName = Release;
		};
		3AF6CD3A2DAD6B1500A1045C /* Build configuration list for PBXNativeTarget "NextPrayerWidgetExtension" */ = {
			isa = XCConfigurationList;
			buildConfigurations = (
				3AF6CD3B2DAD6B1500A1045C /* Debug */,
				3AF6CD3C2DAD6B1500A1045C /* Release */,
			);
			defaultConfigurationIsVisible = 0;
			defaultConfigurationName = Release;
		};
/* End XCConfigurationList section */
	};
	rootObject = 3A94BBD32DAA096600EF3FCD /* Project object */;
}
